// !$*UTF8*$!
{
	archiveVersion = 1;
	classes = {
	};
	objectVersion = 50;
	objects = {

/* Begin PBXBuildFile section */
		86CB8DBEE394C94046F63BC5 /* Pods_EnterpriseApp.framework in Frameworks */ = {isa = PBXBuildFile; fileRef = C610395BA14A7795666E0B9A /* Pods_EnterpriseApp.framework */; };
		CE6DFAB921B6BFC400CAA32A /* CreateEventUnit+CoreDataProperties.swift in Sources */ = {isa = PBXBuildFile; fileRef = CE6DFA9F21B6BFBE00CAA32A /* CreateEventUnit+CoreDataProperties.swift */; };
		CE6DFABA21B6BFC400CAA32A /* CreateEventCustDataInfo+CoreDataClass.swift in Sources */ = {isa = PBXBuildFile; fileRef = CE6DFAA021B6BFBF00CAA32A /* CreateEventCustDataInfo+CoreDataClass.swift */; };
		CE6DFABB21B6BFC400CAA32A /* BarcodeEntry+CoreDataClass.swift in Sources */ = {isa = PBXBuildFile; fileRef = CE6DFAA121B6BFBF00CAA32A /* BarcodeEntry+CoreDataClass.swift */; };
		CE6DFABC21B6BFC400CAA32A /* CreateEventAddressInfo+CoreDataProperties.swift in Sources */ = {isa = PBXBuildFile; fileRef = CE6DFAA221B6BFBF00CAA32A /* CreateEventAddressInfo+CoreDataProperties.swift */; };
		CE6DFABD21B6BFC400CAA32A /* CreateEventUnitUnitDetail+CoreDataClass.swift in Sources */ = {isa = PBXBuildFile; fileRef = CE6DFAA321B6BFBF00CAA32A /* CreateEventUnitUnitDetail+CoreDataClass.swift */; };
		CE6DFABE21B6BFC400CAA32A /* CreateEventLocation+CoreDataProperties.swift in Sources */ = {isa = PBXBuildFile; fileRef = CE6DFAA421B6BFBF00CAA32A /* CreateEventLocation+CoreDataProperties.swift */; };
		CE6DFABF21B6BFC400CAA32A /* CreateEventCustDataInfo+CoreDataProperties.swift in Sources */ = {isa = PBXBuildFile; fileRef = CE6DFAA521B6BFBF00CAA32A /* CreateEventCustDataInfo+CoreDataProperties.swift */; };
		CE6DFAC021B6BFC400CAA32A /* CreateEventLocation+CoreDataClass.swift in Sources */ = {isa = PBXBuildFile; fileRef = CE6DFAA621B6BFC000CAA32A /* CreateEventLocation+CoreDataClass.swift */; };
		CE6DFAC121B6BFC400CAA32A /* CreateEventUnitUnitDetail+CoreDataProperties.swift in Sources */ = {isa = PBXBuildFile; fileRef = CE6DFAA721B6BFC000CAA32A /* CreateEventUnitUnitDetail+CoreDataProperties.swift */; };
		CE6DFAC221B6BFC400CAA32A /* CreateEventUnitUnitRental+CoreDataProperties.swift in Sources */ = {isa = PBXBuildFile; fileRef = CE6DFAA821B6BFC000CAA32A /* CreateEventUnitUnitRental+CoreDataProperties.swift */; };
		CE6DFAC321B6BFC400CAA32A /* CreateEventUnitUnitRental+CoreDataClass.swift in Sources */ = {isa = PBXBuildFile; fileRef = CE6DFAA921B6BFC000CAA32A /* CreateEventUnitUnitRental+CoreDataClass.swift */; };
		CE6DFAC421B6BFC400CAA32A /* CreateEventDriver+CoreDataClass.swift in Sources */ = {isa = PBXBuildFile; fileRef = CE6DFAAA21B6BFC000CAA32A /* CreateEventDriver+CoreDataClass.swift */; };
		CE6DFAC521B6BFC400CAA32A /* CreateEventContact+CoreDataProperties.swift in Sources */ = {isa = PBXBuildFile; fileRef = CE6DFAAB21B6BFC100CAA32A /* CreateEventContact+CoreDataProperties.swift */; };
		CE6DFAC621B6BFC400CAA32A /* LoginResponse+CoreDataProperties.swift in Sources */ = {isa = PBXBuildFile; fileRef = CE6DFAAC21B6BFC100CAA32A /* LoginResponse+CoreDataProperties.swift */; };
		CE6DFAC721B6BFC400CAA32A /* BarcodeEntry+CoreDataProperties.swift in Sources */ = {isa = PBXBuildFile; fileRef = CE6DFAAD21B6BFC100CAA32A /* BarcodeEntry+CoreDataProperties.swift */; };
		CE6DFAC821B6BFC400CAA32A /* CreateEventContact+CoreDataClass.swift in Sources */ = {isa = PBXBuildFile; fileRef = CE6DFAAE21B6BFC100CAA32A /* CreateEventContact+CoreDataClass.swift */; };
		CE6DFAC921B6BFC400CAA32A /* CreateEvetnUnitUnitNote+CoreDataClass.swift in Sources */ = {isa = PBXBuildFile; fileRef = CE6DFAAF21B6BFC200CAA32A /* CreateEvetnUnitUnitNote+CoreDataClass.swift */; };
		CE6DFACA21B6BFC400CAA32A /* CreateEventNote+CoreDataClass.swift in Sources */ = {isa = PBXBuildFile; fileRef = CE6DFAB021B6BFC200CAA32A /* CreateEventNote+CoreDataClass.swift */; };
		CE6DFACB21B6BFC400CAA32A /* CreateEventCallData+CoreDataProperties.swift in Sources */ = {isa = PBXBuildFile; fileRef = CE6DFAB121B6BFC200CAA32A /* CreateEventCallData+CoreDataProperties.swift */; };
		CE6DFACC21B6BFC400CAA32A /* CreateEventDriver+CoreDataProperties.swift in Sources */ = {isa = PBXBuildFile; fileRef = CE6DFAB221B6BFC200CAA32A /* CreateEventDriver+CoreDataProperties.swift */; };
		CE6DFACD21B6BFC400CAA32A /* LoginResponse+CoreDataClass.swift in Sources */ = {isa = PBXBuildFile; fileRef = CE6DFAB321B6BFC200CAA32A /* LoginResponse+CoreDataClass.swift */; };
		CE6DFACE21B6BFC400CAA32A /* CreateEventNote+CoreDataProperties.swift in Sources */ = {isa = PBXBuildFile; fileRef = CE6DFAB421B6BFC300CAA32A /* CreateEventNote+CoreDataProperties.swift */; };
		CE6DFACF21B6BFC400CAA32A /* CreateEvetnUnitUnitNote+CoreDataProperties.swift in Sources */ = {isa = PBXBuildFile; fileRef = CE6DFAB521B6BFC300CAA32A /* CreateEvetnUnitUnitNote+CoreDataProperties.swift */; };
		CE6DFAD021B6BFC400CAA32A /* CreateEventUnit+CoreDataClass.swift in Sources */ = {isa = PBXBuildFile; fileRef = CE6DFAB621B6BFC300CAA32A /* CreateEventUnit+CoreDataClass.swift */; };
		CE6DFAD121B6BFC400CAA32A /* CreateEventCallData+CoreDataClass.swift in Sources */ = {isa = PBXBuildFile; fileRef = CE6DFAB721B6BFC300CAA32A /* CreateEventCallData+CoreDataClass.swift */; };
		CE6DFAD221B6BFC400CAA32A /* CreateEventAddressInfo+CoreDataClass.swift in Sources */ = {isa = PBXBuildFile; fileRef = CE6DFAB821B6BFC400CAA32A /* CreateEventAddressInfo+CoreDataClass.swift */; };
		CE6DFAD621B6C04500CAA32A /* ScanViewController.swift in Sources */ = {isa = PBXBuildFile; fileRef = CE6DFAD421B6C04500CAA32A /* ScanViewController.swift */; };
		CE6DFAD721B6C04500CAA32A /* BarcodeScanViewController.swift in Sources */ = {isa = PBXBuildFile; fileRef = CE6DFAD521B6C04500CAA32A /* BarcodeScanViewController.swift */; };
		CE6DFAE121B6C0D800CAA32A /* Constants.swift in Sources */ = {isa = PBXBuildFile; fileRef = CE6DFADC21B6C0D700CAA32A /* Constants.swift */; };
		CE6DFAE221B6C0D800CAA32A /* UIViewController+Utility.swift in Sources */ = {isa = PBXBuildFile; fileRef = CE6DFADD21B6C0D800CAA32A /* UIViewController+Utility.swift */; };
		CE6DFAE321B6C0D800CAA32A /* ConnectionManager.swift in Sources */ = {isa = PBXBuildFile; fileRef = CE6DFADE21B6C0D800CAA32A /* ConnectionManager.swift */; };
		CE6DFAE421B6C0D800CAA32A /* ControlExtensions.swift in Sources */ = {isa = PBXBuildFile; fileRef = CE6DFADF21B6C0D800CAA32A /* ControlExtensions.swift */; };
		CE6DFAE521B6C0D800CAA32A /* Date+Utility.swift in Sources */ = {isa = PBXBuildFile; fileRef = CE6DFAE021B6C0D800CAA32A /* Date+Utility.swift */; };
		CE6DFAED21B6C12C00CAA32A /* InspectionQuestionByIDHelper.swift in Sources */ = {isa = PBXBuildFile; fileRef = CE6DFAE821B6C12C00CAA32A /* InspectionQuestionByIDHelper.swift */; };
		CE6DFAEE21B6C12C00CAA32A /* GetCompletedEventListHelper.swift in Sources */ = {isa = PBXBuildFile; fileRef = CE6DFAE921B6C12C00CAA32A /* GetCompletedEventListHelper.swift */; };
		CE6DFAEF21B6C12C00CAA32A /* ResponseDataDelegate.swift in Sources */ = {isa = PBXBuildFile; fileRef = CE6DFAEA21B6C12C00CAA32A /* ResponseDataDelegate.swift */; };
		CE6DFAF021B6C12C00CAA32A /* UserResponseToEventHelper.swift in Sources */ = {isa = PBXBuildFile; fileRef = CE6DFAEB21B6C12C00CAA32A /* UserResponseToEventHelper.swift */; };
		CE6DFAF121B6C12C00CAA32A /* LoginHelper.swift in Sources */ = {isa = PBXBuildFile; fileRef = CE6DFAEC21B6C12C00CAA32A /* LoginHelper.swift */; };
		CE6DFAF721B6C17F00CAA32A /* SkyFloatingLabelTextFieldWithIcon.swift in Sources */ = {isa = PBXBuildFile; fileRef = CE6DFAF421B6C17E00CAA32A /* SkyFloatingLabelTextFieldWithIcon.swift */; };
		CE6DFAF821B6C17F00CAA32A /* SkyFloatingLabelTextField.swift in Sources */ = {isa = PBXBuildFile; fileRef = CE6DFAF521B6C17F00CAA32A /* SkyFloatingLabelTextField.swift */; };
		CE6DFAF921B6C17F00CAA32A /* UITextField+fixCaretPosition.swift in Sources */ = {isa = PBXBuildFile; fileRef = CE6DFAF621B6C17F00CAA32A /* UITextField+fixCaretPosition.swift */; };
		CE6DFAFD21B6C1B800CAA32A /* ENMasterViewController.swift in Sources */ = {isa = PBXBuildFile; fileRef = CE6DFAFC21B6C1B800CAA32A /* ENMasterViewController.swift */; };
		CE6DFB0221B6C1F100CAA32A /* ENMenuTableViewCell.swift in Sources */ = {isa = PBXBuildFile; fileRef = CE6DFAFF21B6C1F000CAA32A /* ENMenuTableViewCell.swift */; };
		CE6DFB0321B6C1F100CAA32A /* ENHamBurgerViewController.swift in Sources */ = {isa = PBXBuildFile; fileRef = CE6DFB0021B6C1F100CAA32A /* ENHamBurgerViewController.swift */; };
		CE6DFB0421B6C1F100CAA32A /* ENMenuViewController.swift in Sources */ = {isa = PBXBuildFile; fileRef = CE6DFB0121B6C1F100CAA32A /* ENMenuViewController.swift */; };
		CE6DFB0B21B6C23400CAA32A /* ENFetchServicesClass.swift in Sources */ = {isa = PBXBuildFile; fileRef = CE6DFB0721B6C23300CAA32A /* ENFetchServicesClass.swift */; };
		CE6DFB0C21B6C23400CAA32A /* postMethodForCreateEvent.swift in Sources */ = {isa = PBXBuildFile; fileRef = CE6DFB0821B6C23300CAA32A /* postMethodForCreateEvent.swift */; };
		CE6DFB0D21B6C23400CAA32A /* ENServiceRequestTableCell.swift in Sources */ = {isa = PBXBuildFile; fileRef = CE6DFB0921B6C23300CAA32A /* ENServiceRequestTableCell.swift */; };
		CE6DFB0E21B6C23400CAA32A /* ENRequestServiceViewController.swift in Sources */ = {isa = PBXBuildFile; fileRef = CE6DFB0A21B6C23400CAA32A /* ENRequestServiceViewController.swift */; };
		CE6DFB1321B6C2CE00CAA32A /* ExpandableCell.xib in Resources */ = {isa = PBXBuildFile; fileRef = CE6DFB1121B6C2CE00CAA32A /* ExpandableCell.xib */; };
		CE6DFB1421B6C2CE00CAA32A /* ExpandableCell.swift in Sources */ = {isa = PBXBuildFile; fileRef = CE6DFB1221B6C2CE00CAA32A /* ExpandableCell.swift */; };
		CE6DFB1921B6C30D00CAA32A /* DateTableViewCell.swift in Sources */ = {isa = PBXBuildFile; fileRef = CE6DFB1721B6C30D00CAA32A /* DateTableViewCell.swift */; };
		CE6DFB1A21B6C30D00CAA32A /* DateTableViewCell.xib in Resources */ = {isa = PBXBuildFile; fileRef = CE6DFB1821B6C30D00CAA32A /* DateTableViewCell.xib */; };
		CE6DFB2021B6C33000CAA32A /* ENCheckExisitingServiceViewController.swift in Sources */ = {isa = PBXBuildFile; fileRef = CE6DFB1B21B6C32F00CAA32A /* ENCheckExisitingServiceViewController.swift */; };
		CE6DFB2121B6C33000CAA32A /* ENEventHeaderViewGoogleMap.xib in Resources */ = {isa = PBXBuildFile; fileRef = CE6DFB1C21B6C33000CAA32A /* ENEventHeaderViewGoogleMap.xib */; };
		CE6DFB2221B6C33000CAA32A /* ENEventHeaderViewGoogleMap.swift in Sources */ = {isa = PBXBuildFile; fileRef = CE6DFB1D21B6C33000CAA32A /* ENEventHeaderViewGoogleMap.swift */; };
		CE6DFB2321B6C33000CAA32A /* ENEventStateUIControl.swift in Sources */ = {isa = PBXBuildFile; fileRef = CE6DFB1E21B6C33000CAA32A /* ENEventStateUIControl.swift */; };
		CE6DFB2421B6C33000CAA32A /* RatingTableViewCell.swift in Sources */ = {isa = PBXBuildFile; fileRef = CE6DFB1F21B6C33000CAA32A /* RatingTableViewCell.swift */; };
		CE6DFB2B21B6C36F00CAA32A /* Constant1.swift in Sources */ = {isa = PBXBuildFile; fileRef = CE6DFB2621B6C36E00CAA32A /* Constant1.swift */; };
		CE6DFB2C21B6C36F00CAA32A /* Helper.swift in Sources */ = {isa = PBXBuildFile; fileRef = CE6DFB2721B6C36E00CAA32A /* Helper.swift */; };
		CE6DFB2D21B6C36F00CAA32A /* Reachability.swift in Sources */ = {isa = PBXBuildFile; fileRef = CE6DFB2821B6C36F00CAA32A /* Reachability.swift */; };
		CE6DFB2E21B6C36F00CAA32A /* ConstantData.swift in Sources */ = {isa = PBXBuildFile; fileRef = CE6DFB2921B6C36F00CAA32A /* ConstantData.swift */; };
		CE6DFB2F21B6C36F00CAA32A /* WebHandler.swift in Sources */ = {isa = PBXBuildFile; fileRef = CE6DFB2A21B6C36F00CAA32A /* WebHandler.swift */; };
		CE6DFB3521B6C43800CAA32A /* ENBarcodeScannerViewController.swift in Sources */ = {isa = PBXBuildFile; fileRef = CE6DFB3121B6C43700CAA32A /* ENBarcodeScannerViewController.swift */; };
		CE6DFB3621B6C43800CAA32A /* ViewController.swift in Sources */ = {isa = PBXBuildFile; fileRef = CE6DFB3221B6C43700CAA32A /* ViewController.swift */; };
		CE6DFB3721B6C43800CAA32A /* ENBarcodeReaderSampleViewController.swift in Sources */ = {isa = PBXBuildFile; fileRef = CE6DFB3321B6C43800CAA32A /* ENBarcodeReaderSampleViewController.swift */; };
		CE6DFB3821B6C43800CAA32A /* CameraView.swift in Sources */ = {isa = PBXBuildFile; fileRef = CE6DFB3421B6C43800CAA32A /* CameraView.swift */; };
		CE6DFB3C21B6C47200CAA32A /* Utility.swift in Sources */ = {isa = PBXBuildFile; fileRef = CE6DFB3B21B6C47200CAA32A /* Utility.swift */; };
		CE6DFB3F21B6C49100CAA32A /* TitleAndTextFieldview.swift in Sources */ = {isa = PBXBuildFile; fileRef = CE6DFB3E21B6C49100CAA32A /* TitleAndTextFieldview.swift */; };
		CE86FA2B21B6E2CA00D4BF72 /* LoginViewController.swift in Sources */ = {isa = PBXBuildFile; fileRef = CE86FA2921B6E2CA00D4BF72 /* LoginViewController.swift */; };
		CE86FA2C21B6E2CA00D4BF72 /* LoginModalClass.swift in Sources */ = {isa = PBXBuildFile; fileRef = CE86FA2A21B6E2CA00D4BF72 /* LoginModalClass.swift */; };
		CE95F86421B6D30400FBAA62 /* Main.storyboard in Resources */ = {isa = PBXBuildFile; fileRef = CE95F86221B6D30400FBAA62 /* Main.storyboard */; };
		CE96468E21B6A95300F14066 /* AppDelegate.swift in Sources */ = {isa = PBXBuildFile; fileRef = CE96468D21B6A95300F14066 /* AppDelegate.swift */; };
		CE96469621B6A95300F14066 /* EnterpriseApp.xcdatamodeld in Sources */ = {isa = PBXBuildFile; fileRef = CE96469421B6A95300F14066 /* EnterpriseApp.xcdatamodeld */; };
		CE96469821B6A95500F14066 /* Assets.xcassets in Resources */ = {isa = PBXBuildFile; fileRef = CE96469721B6A95500F14066 /* Assets.xcassets */; };
		CE96469B21B6A95500F14066 /* LaunchScreen.storyboard in Resources */ = {isa = PBXBuildFile; fileRef = CE96469921B6A95500F14066 /* LaunchScreen.storyboard */; };
		CE9646A621B6A95500F14066 /* EnterpriseAppTests.swift in Sources */ = {isa = PBXBuildFile; fileRef = CE9646A521B6A95500F14066 /* EnterpriseAppTests.swift */; };
		CE9646B121B6A95600F14066 /* EnterpriseAppUITests.swift in Sources */ = {isa = PBXBuildFile; fileRef = CE9646B021B6A95600F14066 /* EnterpriseAppUITests.swift */; };
		E08CC644FE5904D563F5B06F /* Pods_EnterpriseAppUITests.framework in Frameworks */ = {isa = PBXBuildFile; fileRef = BE64276CE5AB60A248DEF9E8 /* Pods_EnterpriseAppUITests.framework */; };
		F57D58B33380C1B6886392CB /* Pods_EnterpriseAppTests.framework in Frameworks */ = {isa = PBXBuildFile; fileRef = B775C40D84756415E7A77BD5 /* Pods_EnterpriseAppTests.framework */; };
/* End PBXBuildFile section */

/* Begin PBXContainerItemProxy section */
		CE9646A221B6A95500F14066 /* PBXContainerItemProxy */ = {
			isa = PBXContainerItemProxy;
			containerPortal = CE96468221B6A95300F14066 /* Project object */;
			proxyType = 1;
			remoteGlobalIDString = CE96468921B6A95300F14066;
			remoteInfo = EnterpriseApp;
		};
		CE9646AD21B6A95600F14066 /* PBXContainerItemProxy */ = {
			isa = PBXContainerItemProxy;
			containerPortal = CE96468221B6A95300F14066 /* Project object */;
			proxyType = 1;
			remoteGlobalIDString = CE96468921B6A95300F14066;
			remoteInfo = EnterpriseApp;
		};
/* End PBXContainerItemProxy section */

/* Begin PBXFileReference section */
		22FB5CF77B6ED4EC551C0A56 /* Pods-EnterpriseAppTests.debug.xcconfig */ = {isa = PBXFileReference; includeInIndex = 1; lastKnownFileType = text.xcconfig; name = "Pods-EnterpriseAppTests.debug.xcconfig"; path = "Pods/Target Support Files/Pods-EnterpriseAppTests/Pods-EnterpriseAppTests.debug.xcconfig"; sourceTree = "<group>"; };
		30E85C71BBDBE98CE4219408 /* Pods-EnterpriseApp.release.xcconfig */ = {isa = PBXFileReference; includeInIndex = 1; lastKnownFileType = text.xcconfig; name = "Pods-EnterpriseApp.release.xcconfig"; path = "Pods/Target Support Files/Pods-EnterpriseApp/Pods-EnterpriseApp.release.xcconfig"; sourceTree = "<group>"; };
		6C2894A701C5E756F84FB578 /* Pods-EnterpriseAppUITests.release.xcconfig */ = {isa = PBXFileReference; includeInIndex = 1; lastKnownFileType = text.xcconfig; name = "Pods-EnterpriseAppUITests.release.xcconfig"; path = "Pods/Target Support Files/Pods-EnterpriseAppUITests/Pods-EnterpriseAppUITests.release.xcconfig"; sourceTree = "<group>"; };
		A1023D9BD4311F9FA3923DA4 /* Pods-EnterpriseApp.debug.xcconfig */ = {isa = PBXFileReference; includeInIndex = 1; lastKnownFileType = text.xcconfig; name = "Pods-EnterpriseApp.debug.xcconfig"; path = "Pods/Target Support Files/Pods-EnterpriseApp/Pods-EnterpriseApp.debug.xcconfig"; sourceTree = "<group>"; };
		AF58E9426543BCFDC3E99D14 /* Pods-EnterpriseAppUITests.debug.xcconfig */ = {isa = PBXFileReference; includeInIndex = 1; lastKnownFileType = text.xcconfig; name = "Pods-EnterpriseAppUITests.debug.xcconfig"; path = "Pods/Target Support Files/Pods-EnterpriseAppUITests/Pods-EnterpriseAppUITests.debug.xcconfig"; sourceTree = "<group>"; };
		B775C40D84756415E7A77BD5 /* Pods_EnterpriseAppTests.framework */ = {isa = PBXFileReference; explicitFileType = wrapper.framework; includeInIndex = 0; path = Pods_EnterpriseAppTests.framework; sourceTree = BUILT_PRODUCTS_DIR; };
		BE64276CE5AB60A248DEF9E8 /* Pods_EnterpriseAppUITests.framework */ = {isa = PBXFileReference; explicitFileType = wrapper.framework; includeInIndex = 0; path = Pods_EnterpriseAppUITests.framework; sourceTree = BUILT_PRODUCTS_DIR; };
		C610395BA14A7795666E0B9A /* Pods_EnterpriseApp.framework */ = {isa = PBXFileReference; explicitFileType = wrapper.framework; includeInIndex = 0; path = Pods_EnterpriseApp.framework; sourceTree = BUILT_PRODUCTS_DIR; };
		CE6DFA9F21B6BFBE00CAA32A /* CreateEventUnit+CoreDataProperties.swift */ = {isa = PBXFileReference; fileEncoding = 4; lastKnownFileType = sourcecode.swift; path = "CreateEventUnit+CoreDataProperties.swift"; sourceTree = "<group>"; };
		CE6DFAA021B6BFBF00CAA32A /* CreateEventCustDataInfo+CoreDataClass.swift */ = {isa = PBXFileReference; fileEncoding = 4; lastKnownFileType = sourcecode.swift; path = "CreateEventCustDataInfo+CoreDataClass.swift"; sourceTree = "<group>"; };
		CE6DFAA121B6BFBF00CAA32A /* BarcodeEntry+CoreDataClass.swift */ = {isa = PBXFileReference; fileEncoding = 4; lastKnownFileType = sourcecode.swift; path = "BarcodeEntry+CoreDataClass.swift"; sourceTree = "<group>"; };
		CE6DFAA221B6BFBF00CAA32A /* CreateEventAddressInfo+CoreDataProperties.swift */ = {isa = PBXFileReference; fileEncoding = 4; lastKnownFileType = sourcecode.swift; path = "CreateEventAddressInfo+CoreDataProperties.swift"; sourceTree = "<group>"; };
		CE6DFAA321B6BFBF00CAA32A /* CreateEventUnitUnitDetail+CoreDataClass.swift */ = {isa = PBXFileReference; fileEncoding = 4; lastKnownFileType = sourcecode.swift; path = "CreateEventUnitUnitDetail+CoreDataClass.swift"; sourceTree = "<group>"; };
		CE6DFAA421B6BFBF00CAA32A /* CreateEventLocation+CoreDataProperties.swift */ = {isa = PBXFileReference; fileEncoding = 4; lastKnownFileType = sourcecode.swift; path = "CreateEventLocation+CoreDataProperties.swift"; sourceTree = "<group>"; };
		CE6DFAA521B6BFBF00CAA32A /* CreateEventCustDataInfo+CoreDataProperties.swift */ = {isa = PBXFileReference; fileEncoding = 4; lastKnownFileType = sourcecode.swift; path = "CreateEventCustDataInfo+CoreDataProperties.swift"; sourceTree = "<group>"; };
		CE6DFAA621B6BFC000CAA32A /* CreateEventLocation+CoreDataClass.swift */ = {isa = PBXFileReference; fileEncoding = 4; lastKnownFileType = sourcecode.swift; path = "CreateEventLocation+CoreDataClass.swift"; sourceTree = "<group>"; };
		CE6DFAA721B6BFC000CAA32A /* CreateEventUnitUnitDetail+CoreDataProperties.swift */ = {isa = PBXFileReference; fileEncoding = 4; lastKnownFileType = sourcecode.swift; path = "CreateEventUnitUnitDetail+CoreDataProperties.swift"; sourceTree = "<group>"; };
		CE6DFAA821B6BFC000CAA32A /* CreateEventUnitUnitRental+CoreDataProperties.swift */ = {isa = PBXFileReference; fileEncoding = 4; lastKnownFileType = sourcecode.swift; path = "CreateEventUnitUnitRental+CoreDataProperties.swift"; sourceTree = "<group>"; };
		CE6DFAA921B6BFC000CAA32A /* CreateEventUnitUnitRental+CoreDataClass.swift */ = {isa = PBXFileReference; fileEncoding = 4; lastKnownFileType = sourcecode.swift; path = "CreateEventUnitUnitRental+CoreDataClass.swift"; sourceTree = "<group>"; };
		CE6DFAAA21B6BFC000CAA32A /* CreateEventDriver+CoreDataClass.swift */ = {isa = PBXFileReference; fileEncoding = 4; lastKnownFileType = sourcecode.swift; path = "CreateEventDriver+CoreDataClass.swift"; sourceTree = "<group>"; };
		CE6DFAAB21B6BFC100CAA32A /* CreateEventContact+CoreDataProperties.swift */ = {isa = PBXFileReference; fileEncoding = 4; lastKnownFileType = sourcecode.swift; path = "CreateEventContact+CoreDataProperties.swift"; sourceTree = "<group>"; };
		CE6DFAAC21B6BFC100CAA32A /* LoginResponse+CoreDataProperties.swift */ = {isa = PBXFileReference; fileEncoding = 4; lastKnownFileType = sourcecode.swift; path = "LoginResponse+CoreDataProperties.swift"; sourceTree = "<group>"; };
		CE6DFAAD21B6BFC100CAA32A /* BarcodeEntry+CoreDataProperties.swift */ = {isa = PBXFileReference; fileEncoding = 4; lastKnownFileType = sourcecode.swift; path = "BarcodeEntry+CoreDataProperties.swift"; sourceTree = "<group>"; };
		CE6DFAAE21B6BFC100CAA32A /* CreateEventContact+CoreDataClass.swift */ = {isa = PBXFileReference; fileEncoding = 4; lastKnownFileType = sourcecode.swift; path = "CreateEventContact+CoreDataClass.swift"; sourceTree = "<group>"; };
		CE6DFAAF21B6BFC200CAA32A /* CreateEvetnUnitUnitNote+CoreDataClass.swift */ = {isa = PBXFileReference; fileEncoding = 4; lastKnownFileType = sourcecode.swift; path = "CreateEvetnUnitUnitNote+CoreDataClass.swift"; sourceTree = "<group>"; };
		CE6DFAB021B6BFC200CAA32A /* CreateEventNote+CoreDataClass.swift */ = {isa = PBXFileReference; fileEncoding = 4; lastKnownFileType = sourcecode.swift; path = "CreateEventNote+CoreDataClass.swift"; sourceTree = "<group>"; };
		CE6DFAB121B6BFC200CAA32A /* CreateEventCallData+CoreDataProperties.swift */ = {isa = PBXFileReference; fileEncoding = 4; lastKnownFileType = sourcecode.swift; path = "CreateEventCallData+CoreDataProperties.swift"; sourceTree = "<group>"; };
		CE6DFAB221B6BFC200CAA32A /* CreateEventDriver+CoreDataProperties.swift */ = {isa = PBXFileReference; fileEncoding = 4; lastKnownFileType = sourcecode.swift; path = "CreateEventDriver+CoreDataProperties.swift"; sourceTree = "<group>"; };
		CE6DFAB321B6BFC200CAA32A /* LoginResponse+CoreDataClass.swift */ = {isa = PBXFileReference; fileEncoding = 4; lastKnownFileType = sourcecode.swift; path = "LoginResponse+CoreDataClass.swift"; sourceTree = "<group>"; };
		CE6DFAB421B6BFC300CAA32A /* CreateEventNote+CoreDataProperties.swift */ = {isa = PBXFileReference; fileEncoding = 4; lastKnownFileType = sourcecode.swift; path = "CreateEventNote+CoreDataProperties.swift"; sourceTree = "<group>"; };
		CE6DFAB521B6BFC300CAA32A /* CreateEvetnUnitUnitNote+CoreDataProperties.swift */ = {isa = PBXFileReference; fileEncoding = 4; lastKnownFileType = sourcecode.swift; path = "CreateEvetnUnitUnitNote+CoreDataProperties.swift"; sourceTree = "<group>"; };
		CE6DFAB621B6BFC300CAA32A /* CreateEventUnit+CoreDataClass.swift */ = {isa = PBXFileReference; fileEncoding = 4; lastKnownFileType = sourcecode.swift; path = "CreateEventUnit+CoreDataClass.swift"; sourceTree = "<group>"; };
		CE6DFAB721B6BFC300CAA32A /* CreateEventCallData+CoreDataClass.swift */ = {isa = PBXFileReference; fileEncoding = 4; lastKnownFileType = sourcecode.swift; path = "CreateEventCallData+CoreDataClass.swift"; sourceTree = "<group>"; };
		CE6DFAB821B6BFC400CAA32A /* CreateEventAddressInfo+CoreDataClass.swift */ = {isa = PBXFileReference; fileEncoding = 4; lastKnownFileType = sourcecode.swift; path = "CreateEventAddressInfo+CoreDataClass.swift"; sourceTree = "<group>"; };
		CE6DFAD421B6C04500CAA32A /* ScanViewController.swift */ = {isa = PBXFileReference; fileEncoding = 4; lastKnownFileType = sourcecode.swift; path = ScanViewController.swift; sourceTree = "<group>"; };
		CE6DFAD521B6C04500CAA32A /* BarcodeScanViewController.swift */ = {isa = PBXFileReference; fileEncoding = 4; lastKnownFileType = sourcecode.swift; path = BarcodeScanViewController.swift; sourceTree = "<group>"; };
		CE6DFADA21B6C0A100CAA32A /* Enterprise-Bridging-Header.h */ = {isa = PBXFileReference; fileEncoding = 4; lastKnownFileType = sourcecode.c.h; path = "Enterprise-Bridging-Header.h"; sourceTree = "<group>"; };
		CE6DFADC21B6C0D700CAA32A /* Constants.swift */ = {isa = PBXFileReference; fileEncoding = 4; lastKnownFileType = sourcecode.swift; path = Constants.swift; sourceTree = "<group>"; };
		CE6DFADD21B6C0D800CAA32A /* UIViewController+Utility.swift */ = {isa = PBXFileReference; fileEncoding = 4; lastKnownFileType = sourcecode.swift; path = "UIViewController+Utility.swift"; sourceTree = "<group>"; };
		CE6DFADE21B6C0D800CAA32A /* ConnectionManager.swift */ = {isa = PBXFileReference; fileEncoding = 4; lastKnownFileType = sourcecode.swift; path = ConnectionManager.swift; sourceTree = "<group>"; };
		CE6DFADF21B6C0D800CAA32A /* ControlExtensions.swift */ = {isa = PBXFileReference; fileEncoding = 4; lastKnownFileType = sourcecode.swift; path = ControlExtensions.swift; sourceTree = "<group>"; };
		CE6DFAE021B6C0D800CAA32A /* Date+Utility.swift */ = {isa = PBXFileReference; fileEncoding = 4; lastKnownFileType = sourcecode.swift; path = "Date+Utility.swift"; sourceTree = "<group>"; };
		CE6DFAE821B6C12C00CAA32A /* InspectionQuestionByIDHelper.swift */ = {isa = PBXFileReference; fileEncoding = 4; lastKnownFileType = sourcecode.swift; path = InspectionQuestionByIDHelper.swift; sourceTree = "<group>"; };
		CE6DFAE921B6C12C00CAA32A /* GetCompletedEventListHelper.swift */ = {isa = PBXFileReference; fileEncoding = 4; lastKnownFileType = sourcecode.swift; path = GetCompletedEventListHelper.swift; sourceTree = "<group>"; };
		CE6DFAEA21B6C12C00CAA32A /* ResponseDataDelegate.swift */ = {isa = PBXFileReference; fileEncoding = 4; lastKnownFileType = sourcecode.swift; path = ResponseDataDelegate.swift; sourceTree = "<group>"; };
		CE6DFAEB21B6C12C00CAA32A /* UserResponseToEventHelper.swift */ = {isa = PBXFileReference; fileEncoding = 4; lastKnownFileType = sourcecode.swift; path = UserResponseToEventHelper.swift; sourceTree = "<group>"; };
		CE6DFAEC21B6C12C00CAA32A /* LoginHelper.swift */ = {isa = PBXFileReference; fileEncoding = 4; lastKnownFileType = sourcecode.swift; path = LoginHelper.swift; sourceTree = "<group>"; };
		CE6DFAF421B6C17E00CAA32A /* SkyFloatingLabelTextFieldWithIcon.swift */ = {isa = PBXFileReference; fileEncoding = 4; lastKnownFileType = sourcecode.swift; path = SkyFloatingLabelTextFieldWithIcon.swift; sourceTree = "<group>"; };
		CE6DFAF521B6C17F00CAA32A /* SkyFloatingLabelTextField.swift */ = {isa = PBXFileReference; fileEncoding = 4; lastKnownFileType = sourcecode.swift; path = SkyFloatingLabelTextField.swift; sourceTree = "<group>"; };
		CE6DFAF621B6C17F00CAA32A /* UITextField+fixCaretPosition.swift */ = {isa = PBXFileReference; fileEncoding = 4; lastKnownFileType = sourcecode.swift; path = "UITextField+fixCaretPosition.swift"; sourceTree = "<group>"; };
		CE6DFAFC21B6C1B800CAA32A /* ENMasterViewController.swift */ = {isa = PBXFileReference; fileEncoding = 4; lastKnownFileType = sourcecode.swift; path = ENMasterViewController.swift; sourceTree = "<group>"; };
		CE6DFAFF21B6C1F000CAA32A /* ENMenuTableViewCell.swift */ = {isa = PBXFileReference; fileEncoding = 4; lastKnownFileType = sourcecode.swift; path = ENMenuTableViewCell.swift; sourceTree = "<group>"; };
		CE6DFB0021B6C1F100CAA32A /* ENHamBurgerViewController.swift */ = {isa = PBXFileReference; fileEncoding = 4; lastKnownFileType = sourcecode.swift; path = ENHamBurgerViewController.swift; sourceTree = "<group>"; };
		CE6DFB0121B6C1F100CAA32A /* ENMenuViewController.swift */ = {isa = PBXFileReference; fileEncoding = 4; lastKnownFileType = sourcecode.swift; path = ENMenuViewController.swift; sourceTree = "<group>"; };
		CE6DFB0721B6C23300CAA32A /* ENFetchServicesClass.swift */ = {isa = PBXFileReference; fileEncoding = 4; lastKnownFileType = sourcecode.swift; path = ENFetchServicesClass.swift; sourceTree = "<group>"; };
		CE6DFB0821B6C23300CAA32A /* postMethodForCreateEvent.swift */ = {isa = PBXFileReference; fileEncoding = 4; lastKnownFileType = sourcecode.swift; path = postMethodForCreateEvent.swift; sourceTree = "<group>"; };
		CE6DFB0921B6C23300CAA32A /* ENServiceRequestTableCell.swift */ = {isa = PBXFileReference; fileEncoding = 4; lastKnownFileType = sourcecode.swift; path = ENServiceRequestTableCell.swift; sourceTree = "<group>"; };
		CE6DFB0A21B6C23400CAA32A /* ENRequestServiceViewController.swift */ = {isa = PBXFileReference; fileEncoding = 4; lastKnownFileType = sourcecode.swift; path = ENRequestServiceViewController.swift; sourceTree = "<group>"; };
		CE6DFB1121B6C2CE00CAA32A /* ExpandableCell.xib */ = {isa = PBXFileReference; fileEncoding = 4; lastKnownFileType = file.xib; path = ExpandableCell.xib; sourceTree = "<group>"; };
		CE6DFB1221B6C2CE00CAA32A /* ExpandableCell.swift */ = {isa = PBXFileReference; fileEncoding = 4; lastKnownFileType = sourcecode.swift; path = ExpandableCell.swift; sourceTree = "<group>"; };
		CE6DFB1721B6C30D00CAA32A /* DateTableViewCell.swift */ = {isa = PBXFileReference; fileEncoding = 4; lastKnownFileType = sourcecode.swift; path = DateTableViewCell.swift; sourceTree = "<group>"; };
		CE6DFB1821B6C30D00CAA32A /* DateTableViewCell.xib */ = {isa = PBXFileReference; fileEncoding = 4; lastKnownFileType = file.xib; path = DateTableViewCell.xib; sourceTree = "<group>"; };
		CE6DFB1B21B6C32F00CAA32A /* ENCheckExisitingServiceViewController.swift */ = {isa = PBXFileReference; fileEncoding = 4; lastKnownFileType = sourcecode.swift; path = ENCheckExisitingServiceViewController.swift; sourceTree = "<group>"; };
		CE6DFB1C21B6C33000CAA32A /* ENEventHeaderViewGoogleMap.xib */ = {isa = PBXFileReference; fileEncoding = 4; lastKnownFileType = file.xib; path = ENEventHeaderViewGoogleMap.xib; sourceTree = "<group>"; };
		CE6DFB1D21B6C33000CAA32A /* ENEventHeaderViewGoogleMap.swift */ = {isa = PBXFileReference; fileEncoding = 4; lastKnownFileType = sourcecode.swift; path = ENEventHeaderViewGoogleMap.swift; sourceTree = "<group>"; };
		CE6DFB1E21B6C33000CAA32A /* ENEventStateUIControl.swift */ = {isa = PBXFileReference; fileEncoding = 4; lastKnownFileType = sourcecode.swift; path = ENEventStateUIControl.swift; sourceTree = "<group>"; };
		CE6DFB1F21B6C33000CAA32A /* RatingTableViewCell.swift */ = {isa = PBXFileReference; fileEncoding = 4; lastKnownFileType = sourcecode.swift; path = RatingTableViewCell.swift; sourceTree = "<group>"; };
		CE6DFB2621B6C36E00CAA32A /* Constant1.swift */ = {isa = PBXFileReference; fileEncoding = 4; lastKnownFileType = sourcecode.swift; path = Constant1.swift; sourceTree = "<group>"; };
		CE6DFB2721B6C36E00CAA32A /* Helper.swift */ = {isa = PBXFileReference; fileEncoding = 4; lastKnownFileType = sourcecode.swift; path = Helper.swift; sourceTree = "<group>"; };
		CE6DFB2821B6C36F00CAA32A /* Reachability.swift */ = {isa = PBXFileReference; fileEncoding = 4; lastKnownFileType = sourcecode.swift; path = Reachability.swift; sourceTree = "<group>"; };
		CE6DFB2921B6C36F00CAA32A /* ConstantData.swift */ = {isa = PBXFileReference; fileEncoding = 4; lastKnownFileType = sourcecode.swift; path = ConstantData.swift; sourceTree = "<group>"; };
		CE6DFB2A21B6C36F00CAA32A /* WebHandler.swift */ = {isa = PBXFileReference; fileEncoding = 4; lastKnownFileType = sourcecode.swift; path = WebHandler.swift; sourceTree = "<group>"; };
		CE6DFB3121B6C43700CAA32A /* ENBarcodeScannerViewController.swift */ = {isa = PBXFileReference; fileEncoding = 4; lastKnownFileType = sourcecode.swift; path = ENBarcodeScannerViewController.swift; sourceTree = "<group>"; };
		CE6DFB3221B6C43700CAA32A /* ViewController.swift */ = {isa = PBXFileReference; fileEncoding = 4; lastKnownFileType = sourcecode.swift; path = ViewController.swift; sourceTree = "<group>"; };
		CE6DFB3321B6C43800CAA32A /* ENBarcodeReaderSampleViewController.swift */ = {isa = PBXFileReference; fileEncoding = 4; lastKnownFileType = sourcecode.swift; path = ENBarcodeReaderSampleViewController.swift; sourceTree = "<group>"; };
		CE6DFB3421B6C43800CAA32A /* CameraView.swift */ = {isa = PBXFileReference; fileEncoding = 4; lastKnownFileType = sourcecode.swift; path = CameraView.swift; sourceTree = "<group>"; };
		CE6DFB3B21B6C47200CAA32A /* Utility.swift */ = {isa = PBXFileReference; fileEncoding = 4; lastKnownFileType = sourcecode.swift; path = Utility.swift; sourceTree = "<group>"; };
		CE6DFB3E21B6C49100CAA32A /* TitleAndTextFieldview.swift */ = {isa = PBXFileReference; fileEncoding = 4; lastKnownFileType = sourcecode.swift; path = TitleAndTextFieldview.swift; sourceTree = "<group>"; };
		CE86FA2921B6E2CA00D4BF72 /* LoginViewController.swift */ = {isa = PBXFileReference; fileEncoding = 4; lastKnownFileType = sourcecode.swift; path = LoginViewController.swift; sourceTree = "<group>"; };
		CE86FA2A21B6E2CA00D4BF72 /* LoginModalClass.swift */ = {isa = PBXFileReference; fileEncoding = 4; lastKnownFileType = sourcecode.swift; path = LoginModalClass.swift; sourceTree = "<group>"; };
		CE95F86321B6D30400FBAA62 /* Base */ = {isa = PBXFileReference; lastKnownFileType = file.storyboard; name = Base; path = Base.lproj/Main.storyboard; sourceTree = "<group>"; };
		CE96468A21B6A95300F14066 /* EnterpriseApp.app */ = {isa = PBXFileReference; explicitFileType = wrapper.application; includeInIndex = 0; path = EnterpriseApp.app; sourceTree = BUILT_PRODUCTS_DIR; };
		CE96468D21B6A95300F14066 /* AppDelegate.swift */ = {isa = PBXFileReference; lastKnownFileType = sourcecode.swift; path = AppDelegate.swift; sourceTree = "<group>"; };
		CE96469521B6A95300F14066 /* EnterpriseApp.xcdatamodel */ = {isa = PBXFileReference; lastKnownFileType = wrapper.xcdatamodel; path = EnterpriseApp.xcdatamodel; sourceTree = "<group>"; };
		CE96469721B6A95500F14066 /* Assets.xcassets */ = {isa = PBXFileReference; lastKnownFileType = folder.assetcatalog; path = Assets.xcassets; sourceTree = "<group>"; };
		CE96469A21B6A95500F14066 /* Base */ = {isa = PBXFileReference; lastKnownFileType = file.storyboard; name = Base; path = Base.lproj/LaunchScreen.storyboard; sourceTree = "<group>"; };
		CE96469C21B6A95500F14066 /* Info.plist */ = {isa = PBXFileReference; lastKnownFileType = text.plist.xml; path = Info.plist; sourceTree = "<group>"; };
		CE9646A121B6A95500F14066 /* EnterpriseAppTests.xctest */ = {isa = PBXFileReference; explicitFileType = wrapper.cfbundle; includeInIndex = 0; path = EnterpriseAppTests.xctest; sourceTree = BUILT_PRODUCTS_DIR; };
		CE9646A521B6A95500F14066 /* EnterpriseAppTests.swift */ = {isa = PBXFileReference; lastKnownFileType = sourcecode.swift; path = EnterpriseAppTests.swift; sourceTree = "<group>"; };
		CE9646A721B6A95600F14066 /* Info.plist */ = {isa = PBXFileReference; lastKnownFileType = text.plist.xml; path = Info.plist; sourceTree = "<group>"; };
		CE9646AC21B6A95600F14066 /* EnterpriseAppUITests.xctest */ = {isa = PBXFileReference; explicitFileType = wrapper.cfbundle; includeInIndex = 0; path = EnterpriseAppUITests.xctest; sourceTree = BUILT_PRODUCTS_DIR; };
		CE9646B021B6A95600F14066 /* EnterpriseAppUITests.swift */ = {isa = PBXFileReference; lastKnownFileType = sourcecode.swift; path = EnterpriseAppUITests.swift; sourceTree = "<group>"; };
		CE9646B221B6A95600F14066 /* Info.plist */ = {isa = PBXFileReference; lastKnownFileType = text.plist.xml; path = Info.plist; sourceTree = "<group>"; };
		F152DE72C816841EDF0BB191 /* Pods-EnterpriseAppTests.release.xcconfig */ = {isa = PBXFileReference; includeInIndex = 1; lastKnownFileType = text.xcconfig; name = "Pods-EnterpriseAppTests.release.xcconfig"; path = "Pods/Target Support Files/Pods-EnterpriseAppTests/Pods-EnterpriseAppTests.release.xcconfig"; sourceTree = "<group>"; };
/* End PBXFileReference section */

/* Begin PBXFrameworksBuildPhase section */
		CE96468721B6A95300F14066 /* Frameworks */ = {
			isa = PBXFrameworksBuildPhase;
			buildActionMask = 2147483647;
			files = (
				86CB8DBEE394C94046F63BC5 /* Pods_EnterpriseApp.framework in Frameworks */,
			);
			runOnlyForDeploymentPostprocessing = 0;
		};
		CE96469E21B6A95500F14066 /* Frameworks */ = {
			isa = PBXFrameworksBuildPhase;
			buildActionMask = 2147483647;
			files = (
				F57D58B33380C1B6886392CB /* Pods_EnterpriseAppTests.framework in Frameworks */,
			);
			runOnlyForDeploymentPostprocessing = 0;
		};
		CE9646A921B6A95600F14066 /* Frameworks */ = {
			isa = PBXFrameworksBuildPhase;
			buildActionMask = 2147483647;
			files = (
				E08CC644FE5904D563F5B06F /* Pods_EnterpriseAppUITests.framework in Frameworks */,
			);
			runOnlyForDeploymentPostprocessing = 0;
		};
/* End PBXFrameworksBuildPhase section */

/* Begin PBXGroup section */
		5E15C31931F50554257449AE /* Pods */ = {
			isa = PBXGroup;
			children = (
				A1023D9BD4311F9FA3923DA4 /* Pods-EnterpriseApp.debug.xcconfig */,
				30E85C71BBDBE98CE4219408 /* Pods-EnterpriseApp.release.xcconfig */,
				22FB5CF77B6ED4EC551C0A56 /* Pods-EnterpriseAppTests.debug.xcconfig */,
				F152DE72C816841EDF0BB191 /* Pods-EnterpriseAppTests.release.xcconfig */,
				AF58E9426543BCFDC3E99D14 /* Pods-EnterpriseAppUITests.debug.xcconfig */,
				6C2894A701C5E756F84FB578 /* Pods-EnterpriseAppUITests.release.xcconfig */,
			);
			name = Pods;
			sourceTree = "<group>";
		};
		A6910AD24949E21C77559DFD /* Frameworks */ = {
			isa = PBXGroup;
			children = (
				C610395BA14A7795666E0B9A /* Pods_EnterpriseApp.framework */,
				B775C40D84756415E7A77BD5 /* Pods_EnterpriseAppTests.framework */,
				BE64276CE5AB60A248DEF9E8 /* Pods_EnterpriseAppUITests.framework */,
			);
			name = Frameworks;
			sourceTree = "<group>";
		};
		CE6DFA9921B6BF0B00CAA32A /* LoginViewController */ = {
			isa = PBXGroup;
			children = (
				CE86FA2A21B6E2CA00D4BF72 /* LoginModalClass.swift */,
				CE86FA2921B6E2CA00D4BF72 /* LoginViewController.swift */,
			);
			path = LoginViewController;
			sourceTree = "<group>";
		};
		CE6DFA9E21B6BF7E00CAA32A /* ModelClass */ = {
			isa = PBXGroup;
			children = (
				CE6DFAA121B6BFBF00CAA32A /* BarcodeEntry+CoreDataClass.swift */,
				CE6DFAAD21B6BFC100CAA32A /* BarcodeEntry+CoreDataProperties.swift */,
				CE6DFAB821B6BFC400CAA32A /* CreateEventAddressInfo+CoreDataClass.swift */,
				CE6DFAA221B6BFBF00CAA32A /* CreateEventAddressInfo+CoreDataProperties.swift */,
				CE6DFAB721B6BFC300CAA32A /* CreateEventCallData+CoreDataClass.swift */,
				CE6DFAB121B6BFC200CAA32A /* CreateEventCallData+CoreDataProperties.swift */,
				CE6DFAAE21B6BFC100CAA32A /* CreateEventContact+CoreDataClass.swift */,
				CE6DFAAB21B6BFC100CAA32A /* CreateEventContact+CoreDataProperties.swift */,
				CE6DFAA021B6BFBF00CAA32A /* CreateEventCustDataInfo+CoreDataClass.swift */,
				CE6DFAA521B6BFBF00CAA32A /* CreateEventCustDataInfo+CoreDataProperties.swift */,
				CE6DFAAA21B6BFC000CAA32A /* CreateEventDriver+CoreDataClass.swift */,
				CE6DFAB221B6BFC200CAA32A /* CreateEventDriver+CoreDataProperties.swift */,
				CE6DFAA621B6BFC000CAA32A /* CreateEventLocation+CoreDataClass.swift */,
				CE6DFAA421B6BFBF00CAA32A /* CreateEventLocation+CoreDataProperties.swift */,
				CE6DFAB021B6BFC200CAA32A /* CreateEventNote+CoreDataClass.swift */,
				CE6DFAB421B6BFC300CAA32A /* CreateEventNote+CoreDataProperties.swift */,
				CE6DFAB621B6BFC300CAA32A /* CreateEventUnit+CoreDataClass.swift */,
				CE6DFA9F21B6BFBE00CAA32A /* CreateEventUnit+CoreDataProperties.swift */,
				CE6DFAA321B6BFBF00CAA32A /* CreateEventUnitUnitDetail+CoreDataClass.swift */,
				CE6DFAA721B6BFC000CAA32A /* CreateEventUnitUnitDetail+CoreDataProperties.swift */,
				CE6DFAA921B6BFC000CAA32A /* CreateEventUnitUnitRental+CoreDataClass.swift */,
				CE6DFAA821B6BFC000CAA32A /* CreateEventUnitUnitRental+CoreDataProperties.swift */,
				CE6DFAAF21B6BFC200CAA32A /* CreateEvetnUnitUnitNote+CoreDataClass.swift */,
				CE6DFAB521B6BFC300CAA32A /* CreateEvetnUnitUnitNote+CoreDataProperties.swift */,
				CE6DFAB321B6BFC200CAA32A /* LoginResponse+CoreDataClass.swift */,
				CE6DFAAC21B6BFC100CAA32A /* LoginResponse+CoreDataProperties.swift */,
			);
			path = ModelClass;
			sourceTree = "<group>";
		};
		CE6DFAD321B6BFDB00CAA32A /* ScanningBarcodeViewController */ = {
			isa = PBXGroup;
			children = (
				CE6DFAD521B6C04500CAA32A /* BarcodeScanViewController.swift */,
				CE6DFAD421B6C04500CAA32A /* ScanViewController.swift */,
			);
			path = ScanningBarcodeViewController;
			sourceTree = "<group>";
		};
		CE6DFAD921B6C07600CAA32A /* TPKeyboard */ = {
			isa = PBXGroup;
			children = (
				CE6DFADA21B6C0A100CAA32A /* Enterprise-Bridging-Header.h */,
			);
			path = TPKeyboard;
			sourceTree = "<group>";
		};
		CE6DFADB21B6C0AC00CAA32A /* AlohaConstants */ = {
			isa = PBXGroup;
			children = (
				CE6DFADE21B6C0D800CAA32A /* ConnectionManager.swift */,
				CE6DFADC21B6C0D700CAA32A /* Constants.swift */,
				CE6DFADF21B6C0D800CAA32A /* ControlExtensions.swift */,
				CE6DFAE021B6C0D800CAA32A /* Date+Utility.swift */,
				CE6DFADD21B6C0D800CAA32A /* UIViewController+Utility.swift */,
			);
			path = AlohaConstants;
			sourceTree = "<group>";
		};
		CE6DFAE721B6C0EF00CAA32A /* Helper Classes */ = {
			isa = PBXGroup;
			children = (
				CE6DFAE921B6C12C00CAA32A /* GetCompletedEventListHelper.swift */,
				CE6DFAE821B6C12C00CAA32A /* InspectionQuestionByIDHelper.swift */,
				CE6DFAEC21B6C12C00CAA32A /* LoginHelper.swift */,
				CE6DFAEA21B6C12C00CAA32A /* ResponseDataDelegate.swift */,
				CE6DFAEB21B6C12C00CAA32A /* UserResponseToEventHelper.swift */,
			);
			path = "Helper Classes";
			sourceTree = "<group>";
		};
		CE6DFAF321B6C14200CAA32A /* SkyFloating */ = {
			isa = PBXGroup;
			children = (
				CE6DFAF521B6C17F00CAA32A /* SkyFloatingLabelTextField.swift */,
				CE6DFAF421B6C17E00CAA32A /* SkyFloatingLabelTextFieldWithIcon.swift */,
				CE6DFAF621B6C17F00CAA32A /* UITextField+fixCaretPosition.swift */,
			);
			path = SkyFloating;
			sourceTree = "<group>";
		};
		CE6DFAFB21B6C18F00CAA32A /* MasterViewController */ = {
			isa = PBXGroup;
			children = (
				CE6DFAFC21B6C1B800CAA32A /* ENMasterViewController.swift */,
			);
			path = MasterViewController;
			sourceTree = "<group>";
		};
		CE6DFAFE21B6C1BF00CAA32A /* MenuViewController */ = {
			isa = PBXGroup;
			children = (
				CE6DFB0021B6C1F100CAA32A /* ENHamBurgerViewController.swift */,
				CE6DFAFF21B6C1F000CAA32A /* ENMenuTableViewCell.swift */,
				CE6DFB0121B6C1F100CAA32A /* ENMenuViewController.swift */,
			);
			path = MenuViewController;
			sourceTree = "<group>";
		};
		CE6DFB0621B6C20200CAA32A /* RequestService */ = {
			isa = PBXGroup;
			children = (
				CE6DFB0721B6C23300CAA32A /* ENFetchServicesClass.swift */,
				CE6DFB0A21B6C23400CAA32A /* ENRequestServiceViewController.swift */,
				CE6DFB0921B6C23300CAA32A /* ENServiceRequestTableCell.swift */,
				CE6DFB0821B6C23300CAA32A /* postMethodForCreateEvent.swift */,
			);
			path = RequestService;
			sourceTree = "<group>";
		};
		CE6DFB0F21B6C24300CAA32A /* CheckExisitingService */ = {
			isa = PBXGroup;
			children = (
				CE6DFB1B21B6C32F00CAA32A /* ENCheckExisitingServiceViewController.swift */,
				CE6DFB1D21B6C33000CAA32A /* ENEventHeaderViewGoogleMap.swift */,
				CE6DFB1C21B6C33000CAA32A /* ENEventHeaderViewGoogleMap.xib */,
				CE6DFB1E21B6C33000CAA32A /* ENEventStateUIControl.swift */,
				CE6DFB1F21B6C33000CAA32A /* RatingTableViewCell.swift */,
				CE6DFB1621B6C2DB00CAA32A /* DataCellXIB */,
				CE6DFB1021B6C29500CAA32A /* EventCustomeCell */,
			);
			path = CheckExisitingService;
			sourceTree = "<group>";
		};
		CE6DFB1021B6C29500CAA32A /* EventCustomeCell */ = {
			isa = PBXGroup;
			children = (
				CE6DFB1221B6C2CE00CAA32A /* ExpandableCell.swift */,
				CE6DFB1121B6C2CE00CAA32A /* ExpandableCell.xib */,
			);
			path = EventCustomeCell;
			sourceTree = "<group>";
		};
		CE6DFB1621B6C2DB00CAA32A /* DataCellXIB */ = {
			isa = PBXGroup;
			children = (
				CE6DFB1721B6C30D00CAA32A /* DateTableViewCell.swift */,
				CE6DFB1821B6C30D00CAA32A /* DateTableViewCell.xib */,
			);
			path = DataCellXIB;
			sourceTree = "<group>";
		};
		CE6DFB2521B6C34200CAA32A /* Constants */ = {
			isa = PBXGroup;
			children = (
				CE6DFB2621B6C36E00CAA32A /* Constant1.swift */,
				CE6DFB2921B6C36F00CAA32A /* ConstantData.swift */,
				CE6DFB2721B6C36E00CAA32A /* Helper.swift */,
				CE6DFB2821B6C36F00CAA32A /* Reachability.swift */,
				CE6DFB2A21B6C36F00CAA32A /* WebHandler.swift */,
			);
			path = Constants;
			sourceTree = "<group>";
		};
		CE6DFB3021B6C41800CAA32A /* Controllers */ = {
			isa = PBXGroup;
			children = (
				CE6DFB3421B6C43800CAA32A /* CameraView.swift */,
				CE6DFB3321B6C43800CAA32A /* ENBarcodeReaderSampleViewController.swift */,
				CE6DFB3121B6C43700CAA32A /* ENBarcodeScannerViewController.swift */,
				CE6DFB3221B6C43700CAA32A /* ViewController.swift */,
			);
			path = Controllers;
			sourceTree = "<group>";
		};
		CE6DFB3A21B6C44C00CAA32A /* Supports */ = {
			isa = PBXGroup;
			children = (
				CE6DFB3B21B6C47200CAA32A /* Utility.swift */,
			);
			path = Supports;
			sourceTree = "<group>";
		};
		CE6DFB3D21B6C47C00CAA32A /* Views */ = {
			isa = PBXGroup;
			children = (
				CE6DFB3E21B6C49100CAA32A /* TitleAndTextFieldview.swift */,
			);
			path = Views;
			sourceTree = "<group>";
		};
		CE96468121B6A95300F14066 = {
			isa = PBXGroup;
			children = (
				CE96468C21B6A95300F14066 /* EnterpriseApp */,
				CE9646A421B6A95500F14066 /* EnterpriseAppTests */,
				CE9646AF21B6A95600F14066 /* EnterpriseAppUITests */,
				CE96468B21B6A95300F14066 /* Products */,
				5E15C31931F50554257449AE /* Pods */,
				A6910AD24949E21C77559DFD /* Frameworks */,
			);
			sourceTree = "<group>";
		};
		CE96468B21B6A95300F14066 /* Products */ = {
			isa = PBXGroup;
			children = (
				CE96468A21B6A95300F14066 /* EnterpriseApp.app */,
				CE9646A121B6A95500F14066 /* EnterpriseAppTests.xctest */,
				CE9646AC21B6A95600F14066 /* EnterpriseAppUITests.xctest */,
			);
			name = Products;
			sourceTree = "<group>";
		};
		CE96468C21B6A95300F14066 /* EnterpriseApp */ = {
			isa = PBXGroup;
			children = (
				CE6DFB3D21B6C47C00CAA32A /* Views */,
				CE6DFB3A21B6C44C00CAA32A /* Supports */,
				CE6DFB3021B6C41800CAA32A /* Controllers */,
				CE6DFB2521B6C34200CAA32A /* Constants */,
				CE6DFB0F21B6C24300CAA32A /* CheckExisitingService */,
				CE6DFB0621B6C20200CAA32A /* RequestService */,
				CE6DFAFE21B6C1BF00CAA32A /* MenuViewController */,
				CE6DFAFB21B6C18F00CAA32A /* MasterViewController */,
				CE6DFAF321B6C14200CAA32A /* SkyFloating */,
				CE6DFAE721B6C0EF00CAA32A /* Helper Classes */,
				CE6DFADB21B6C0AC00CAA32A /* AlohaConstants */,
				CE6DFAD921B6C07600CAA32A /* TPKeyboard */,
				CE6DFAD321B6BFDB00CAA32A /* ScanningBarcodeViewController */,
				CE6DFA9E21B6BF7E00CAA32A /* ModelClass */,
				CE6DFA9921B6BF0B00CAA32A /* LoginViewController */,
				CE96468D21B6A95300F14066 /* AppDelegate.swift */,
				CE95F86221B6D30400FBAA62 /* Main.storyboard */,
				CE96469721B6A95500F14066 /* Assets.xcassets */,
				CE96469921B6A95500F14066 /* LaunchScreen.storyboard */,
				CE96469C21B6A95500F14066 /* Info.plist */,
				CE96469421B6A95300F14066 /* EnterpriseApp.xcdatamodeld */,
			);
			path = EnterpriseApp;
			sourceTree = "<group>";
		};
		CE9646A421B6A95500F14066 /* EnterpriseAppTests */ = {
			isa = PBXGroup;
			children = (
				CE9646A521B6A95500F14066 /* EnterpriseAppTests.swift */,
				CE9646A721B6A95600F14066 /* Info.plist */,
			);
			path = EnterpriseAppTests;
			sourceTree = "<group>";
		};
		CE9646AF21B6A95600F14066 /* EnterpriseAppUITests */ = {
			isa = PBXGroup;
			children = (
				CE9646B021B6A95600F14066 /* EnterpriseAppUITests.swift */,
				CE9646B221B6A95600F14066 /* Info.plist */,
			);
			path = EnterpriseAppUITests;
			sourceTree = "<group>";
		};
/* End PBXGroup section */

/* Begin PBXNativeTarget section */
		CE96468921B6A95300F14066 /* EnterpriseApp */ = {
			isa = PBXNativeTarget;
			buildConfigurationList = CE9646B521B6A95600F14066 /* Build configuration list for PBXNativeTarget "EnterpriseApp" */;
			buildPhases = (
				7F9775D097261CB480A729FF /* [CP] Check Pods Manifest.lock */,
				CE96468621B6A95300F14066 /* Sources */,
				CE96468721B6A95300F14066 /* Frameworks */,
				CE96468821B6A95300F14066 /* Resources */,
				D6831DEB9E9504EBFA3246B3 /* [CP] Embed Pods Frameworks */,
				E1CCAF2B06BEF309AE9ADC49 /* [CP] Copy Pods Resources */,
			);
			buildRules = (
			);
			dependencies = (
			);
			name = EnterpriseApp;
			productName = EnterpriseApp;
			productReference = CE96468A21B6A95300F14066 /* EnterpriseApp.app */;
			productType = "com.apple.product-type.application";
		};
		CE9646A021B6A95500F14066 /* EnterpriseAppTests */ = {
			isa = PBXNativeTarget;
			buildConfigurationList = CE9646B821B6A95600F14066 /* Build configuration list for PBXNativeTarget "EnterpriseAppTests" */;
			buildPhases = (
				AE6FC382F9F6D25F81BE00A4 /* [CP] Check Pods Manifest.lock */,
				CE96469D21B6A95500F14066 /* Sources */,
				CE96469E21B6A95500F14066 /* Frameworks */,
				CE96469F21B6A95500F14066 /* Resources */,
			);
			buildRules = (
			);
			dependencies = (
				CE9646A321B6A95500F14066 /* PBXTargetDependency */,
			);
			name = EnterpriseAppTests;
			productName = EnterpriseAppTests;
			productReference = CE9646A121B6A95500F14066 /* EnterpriseAppTests.xctest */;
			productType = "com.apple.product-type.bundle.unit-test";
		};
		CE9646AB21B6A95600F14066 /* EnterpriseAppUITests */ = {
			isa = PBXNativeTarget;
			buildConfigurationList = CE9646BB21B6A95600F14066 /* Build configuration list for PBXNativeTarget "EnterpriseAppUITests" */;
			buildPhases = (
				FEEA63673CA8F625D0392D75 /* [CP] Check Pods Manifest.lock */,
				CE9646A821B6A95600F14066 /* Sources */,
				CE9646A921B6A95600F14066 /* Frameworks */,
				CE9646AA21B6A95600F14066 /* Resources */,
			);
			buildRules = (
			);
			dependencies = (
				CE9646AE21B6A95600F14066 /* PBXTargetDependency */,
			);
			name = EnterpriseAppUITests;
			productName = EnterpriseAppUITests;
			productReference = CE9646AC21B6A95600F14066 /* EnterpriseAppUITests.xctest */;
			productType = "com.apple.product-type.bundle.ui-testing";
		};
/* End PBXNativeTarget section */

/* Begin PBXProject section */
		CE96468221B6A95300F14066 /* Project object */ = {
			isa = PBXProject;
			attributes = {
				LastSwiftUpdateCheck = 1000;
				LastUpgradeCheck = 1000;
				ORGANIZATIONNAME = FleetNet;
				TargetAttributes = {
					CE96468921B6A95300F14066 = {
						CreatedOnToolsVersion = 10.0;
					};
					CE9646A021B6A95500F14066 = {
						CreatedOnToolsVersion = 10.0;
						TestTargetID = CE96468921B6A95300F14066;
					};
					CE9646AB21B6A95600F14066 = {
						CreatedOnToolsVersion = 10.0;
						TestTargetID = CE96468921B6A95300F14066;
					};
				};
			};
			buildConfigurationList = CE96468521B6A95300F14066 /* Build configuration list for PBXProject "EnterpriseApp" */;
			compatibilityVersion = "Xcode 9.3";
			developmentRegion = en;
			hasScannedForEncodings = 0;
			knownRegions = (
				en,
				Base,
			);
			mainGroup = CE96468121B6A95300F14066;
			productRefGroup = CE96468B21B6A95300F14066 /* Products */;
			projectDirPath = "";
			projectRoot = "";
			targets = (
				CE96468921B6A95300F14066 /* EnterpriseApp */,
				CE9646A021B6A95500F14066 /* EnterpriseAppTests */,
				CE9646AB21B6A95600F14066 /* EnterpriseAppUITests */,
			);
		};
/* End PBXProject section */

/* Begin PBXResourcesBuildPhase section */
		CE96468821B6A95300F14066 /* Resources */ = {
			isa = PBXResourcesBuildPhase;
			buildActionMask = 2147483647;
			files = (
				CE96469B21B6A95500F14066 /* LaunchScreen.storyboard in Resources */,
				CE96469821B6A95500F14066 /* Assets.xcassets in Resources */,
				CE6DFB2121B6C33000CAA32A /* ENEventHeaderViewGoogleMap.xib in Resources */,
				CE95F86421B6D30400FBAA62 /* Main.storyboard in Resources */,
				CE6DFB1321B6C2CE00CAA32A /* ExpandableCell.xib in Resources */,
				CE6DFB1A21B6C30D00CAA32A /* DateTableViewCell.xib in Resources */,
			);
			runOnlyForDeploymentPostprocessing = 0;
		};
		CE96469F21B6A95500F14066 /* Resources */ = {
			isa = PBXResourcesBuildPhase;
			buildActionMask = 2147483647;
			files = (
			);
			runOnlyForDeploymentPostprocessing = 0;
		};
		CE9646AA21B6A95600F14066 /* Resources */ = {
			isa = PBXResourcesBuildPhase;
			buildActionMask = 2147483647;
			files = (
			);
			runOnlyForDeploymentPostprocessing = 0;
		};
/* End PBXResourcesBuildPhase section */

/* Begin PBXShellScriptBuildPhase section */
		7F9775D097261CB480A729FF /* [CP] Check Pods Manifest.lock */ = {
			isa = PBXShellScriptBuildPhase;
			buildActionMask = 2147483647;
			files = (
			);
			inputFileListPaths = (
			);
			inputPaths = (
				"${PODS_PODFILE_DIR_PATH}/Podfile.lock",
				"${PODS_ROOT}/Manifest.lock",
			);
			name = "[CP] Check Pods Manifest.lock";
			outputFileListPaths = (
			);
			outputPaths = (
				"$(DERIVED_FILE_DIR)/Pods-EnterpriseApp-checkManifestLockResult.txt",
			);
			runOnlyForDeploymentPostprocessing = 0;
			shellPath = /bin/sh;
			shellScript = "diff \"${PODS_PODFILE_DIR_PATH}/Podfile.lock\" \"${PODS_ROOT}/Manifest.lock\" > /dev/null\nif [ $? != 0 ] ; then\n    # print error to STDERR\n    echo \"error: The sandbox is not in sync with the Podfile.lock. Run 'pod install' or update your CocoaPods installation.\" >&2\n    exit 1\nfi\n# This output is used by Xcode 'outputs' to avoid re-running this script phase.\necho \"SUCCESS\" > \"${SCRIPT_OUTPUT_FILE_0}\"\n";
			showEnvVarsInLog = 0;
		};
		AE6FC382F9F6D25F81BE00A4 /* [CP] Check Pods Manifest.lock */ = {
			isa = PBXShellScriptBuildPhase;
			buildActionMask = 2147483647;
			files = (
			);
			inputFileListPaths = (
			);
			inputPaths = (
				"${PODS_PODFILE_DIR_PATH}/Podfile.lock",
				"${PODS_ROOT}/Manifest.lock",
			);
			name = "[CP] Check Pods Manifest.lock";
			outputFileListPaths = (
			);
			outputPaths = (
				"$(DERIVED_FILE_DIR)/Pods-EnterpriseAppTests-checkManifestLockResult.txt",
			);
			runOnlyForDeploymentPostprocessing = 0;
			shellPath = /bin/sh;
			shellScript = "diff \"${PODS_PODFILE_DIR_PATH}/Podfile.lock\" \"${PODS_ROOT}/Manifest.lock\" > /dev/null\nif [ $? != 0 ] ; then\n    # print error to STDERR\n    echo \"error: The sandbox is not in sync with the Podfile.lock. Run 'pod install' or update your CocoaPods installation.\" >&2\n    exit 1\nfi\n# This output is used by Xcode 'outputs' to avoid re-running this script phase.\necho \"SUCCESS\" > \"${SCRIPT_OUTPUT_FILE_0}\"\n";
			showEnvVarsInLog = 0;
		};
		D6831DEB9E9504EBFA3246B3 /* [CP] Embed Pods Frameworks */ = {
			isa = PBXShellScriptBuildPhase;
			buildActionMask = 2147483647;
			files = (
			);
			inputFileListPaths = (
			);
			inputPaths = (
				"${SRCROOT}/Pods/Target Support Files/Pods-EnterpriseApp/Pods-EnterpriseApp-frameworks.sh",
				"${BUILT_PRODUCTS_DIR}/Cosmos/Cosmos.framework",
				"${BUILT_PRODUCTS_DIR}/IQKeyboardManagerSwift/IQKeyboardManagerSwift.framework",
				"${BUILT_PRODUCTS_DIR}/MagicalRecord/MagicalRecord.framework",
				"${BUILT_PRODUCTS_DIR}/SVProgressHUD/SVProgressHUD.framework",
				"${BUILT_PRODUCTS_DIR}/SkyFloatingLabelTextField/SkyFloatingLabelTextField.framework",
				"${BUILT_PRODUCTS_DIR}/TPKeyboardAvoidingSwift/TPKeyboardAvoidingSwift.framework",
			);
			name = "[CP] Embed Pods Frameworks";
			outputFileListPaths = (
			);
			outputPaths = (
				"${TARGET_BUILD_DIR}/${FRAMEWORKS_FOLDER_PATH}/Cosmos.framework",
				"${TARGET_BUILD_DIR}/${FRAMEWORKS_FOLDER_PATH}/IQKeyboardManagerSwift.framework",
				"${TARGET_BUILD_DIR}/${FRAMEWORKS_FOLDER_PATH}/MagicalRecord.framework",
				"${TARGET_BUILD_DIR}/${FRAMEWORKS_FOLDER_PATH}/SVProgressHUD.framework",
				"${TARGET_BUILD_DIR}/${FRAMEWORKS_FOLDER_PATH}/SkyFloatingLabelTextField.framework",
				"${TARGET_BUILD_DIR}/${FRAMEWORKS_FOLDER_PATH}/TPKeyboardAvoidingSwift.framework",
			);
			runOnlyForDeploymentPostprocessing = 0;
			shellPath = /bin/sh;
			shellScript = "\"${SRCROOT}/Pods/Target Support Files/Pods-EnterpriseApp/Pods-EnterpriseApp-frameworks.sh\"\n";
			showEnvVarsInLog = 0;
		};
		E1CCAF2B06BEF309AE9ADC49 /* [CP] Copy Pods Resources */ = {
			isa = PBXShellScriptBuildPhase;
			buildActionMask = 2147483647;
			files = (
			);
			inputFileListPaths = (
			);
			inputPaths = (
				"${SRCROOT}/Pods/Target Support Files/Pods-EnterpriseApp/Pods-EnterpriseApp-resources.sh",
				"${PODS_ROOT}/GoogleMaps/Maps/Frameworks/GoogleMaps.framework/Resources/GoogleMaps.bundle",
				"${PODS_ROOT}/GooglePlaces/Frameworks/GooglePlaces.framework/Resources/GooglePlaces.bundle",
			);
			name = "[CP] Copy Pods Resources";
			outputFileListPaths = (
			);
			outputPaths = (
				"${TARGET_BUILD_DIR}/${UNLOCALIZED_RESOURCES_FOLDER_PATH}/GoogleMaps.bundle",
				"${TARGET_BUILD_DIR}/${UNLOCALIZED_RESOURCES_FOLDER_PATH}/GooglePlaces.bundle",
			);
			runOnlyForDeploymentPostprocessing = 0;
			shellPath = /bin/sh;
			shellScript = "\"${SRCROOT}/Pods/Target Support Files/Pods-EnterpriseApp/Pods-EnterpriseApp-resources.sh\"\n";
			showEnvVarsInLog = 0;
		};
		FEEA63673CA8F625D0392D75 /* [CP] Check Pods Manifest.lock */ = {
			isa = PBXShellScriptBuildPhase;
			buildActionMask = 2147483647;
			files = (
			);
			inputFileListPaths = (
			);
			inputPaths = (
				"${PODS_PODFILE_DIR_PATH}/Podfile.lock",
				"${PODS_ROOT}/Manifest.lock",
			);
			name = "[CP] Check Pods Manifest.lock";
			outputFileListPaths = (
			);
			outputPaths = (
				"$(DERIVED_FILE_DIR)/Pods-EnterpriseAppUITests-checkManifestLockResult.txt",
			);
			runOnlyForDeploymentPostprocessing = 0;
			shellPath = /bin/sh;
			shellScript = "diff \"${PODS_PODFILE_DIR_PATH}/Podfile.lock\" \"${PODS_ROOT}/Manifest.lock\" > /dev/null\nif [ $? != 0 ] ; then\n    # print error to STDERR\n    echo \"error: The sandbox is not in sync with the Podfile.lock. Run 'pod install' or update your CocoaPods installation.\" >&2\n    exit 1\nfi\n# This output is used by Xcode 'outputs' to avoid re-running this script phase.\necho \"SUCCESS\" > \"${SCRIPT_OUTPUT_FILE_0}\"\n";
			showEnvVarsInLog = 0;
		};
/* End PBXShellScriptBuildPhase section */

/* Begin PBXSourcesBuildPhase section */
		CE96468621B6A95300F14066 /* Sources */ = {
			isa = PBXSourcesBuildPhase;
			buildActionMask = 2147483647;
			files = (
				CE6DFAD021B6BFC400CAA32A /* CreateEventUnit+CoreDataClass.swift in Sources */,
				CE6DFAD621B6C04500CAA32A /* ScanViewController.swift in Sources */,
				CE6DFAC121B6BFC400CAA32A /* CreateEventUnitUnitDetail+CoreDataProperties.swift in Sources */,
				CE6DFB2021B6C33000CAA32A /* ENCheckExisitingServiceViewController.swift in Sources */,
				CE6DFAED21B6C12C00CAA32A /* InspectionQuestionByIDHelper.swift in Sources */,
				CE6DFACC21B6BFC400CAA32A /* CreateEventDriver+CoreDataProperties.swift in Sources */,
				CE6DFB2F21B6C36F00CAA32A /* WebHandler.swift in Sources */,
				CE6DFACD21B6BFC400CAA32A /* LoginResponse+CoreDataClass.swift in Sources */,
				CE6DFACF21B6BFC400CAA32A /* CreateEvetnUnitUnitNote+CoreDataProperties.swift in Sources */,
				CE6DFB3721B6C43800CAA32A /* ENBarcodeReaderSampleViewController.swift in Sources */,
				CE6DFB0C21B6C23400CAA32A /* postMethodForCreateEvent.swift in Sources */,
				CE6DFB2421B6C33000CAA32A /* RatingTableViewCell.swift in Sources */,
				CE6DFAE221B6C0D800CAA32A /* UIViewController+Utility.swift in Sources */,
				CE6DFAF721B6C17F00CAA32A /* SkyFloatingLabelTextFieldWithIcon.swift in Sources */,
				CE6DFAEF21B6C12C00CAA32A /* ResponseDataDelegate.swift in Sources */,
				CE6DFAF121B6C12C00CAA32A /* LoginHelper.swift in Sources */,
				CE6DFAD121B6BFC400CAA32A /* CreateEventCallData+CoreDataClass.swift in Sources */,
				CE6DFAE321B6C0D800CAA32A /* ConnectionManager.swift in Sources */,
				CE86FA2B21B6E2CA00D4BF72 /* LoginViewController.swift in Sources */,
				CE6DFB2D21B6C36F00CAA32A /* Reachability.swift in Sources */,
				CE6DFB2E21B6C36F00CAA32A /* ConstantData.swift in Sources */,
				CE6DFB0E21B6C23400CAA32A /* ENRequestServiceViewController.swift in Sources */,
				CE6DFAE421B6C0D800CAA32A /* ControlExtensions.swift in Sources */,
				CE6DFABD21B6BFC400CAA32A /* CreateEventUnitUnitDetail+CoreDataClass.swift in Sources */,
				CE6DFABF21B6BFC400CAA32A /* CreateEventCustDataInfo+CoreDataProperties.swift in Sources */,
				CE6DFB2321B6C33000CAA32A /* ENEventStateUIControl.swift in Sources */,
				CE6DFB1921B6C30D00CAA32A /* DateTableViewCell.swift in Sources */,
				CE96468E21B6A95300F14066 /* AppDelegate.swift in Sources */,
				CE6DFAD221B6BFC400CAA32A /* CreateEventAddressInfo+CoreDataClass.swift in Sources */,
				CE6DFAC921B6BFC400CAA32A /* CreateEvetnUnitUnitNote+CoreDataClass.swift in Sources */,
				CE6DFAD721B6C04500CAA32A /* BarcodeScanViewController.swift in Sources */,
				CE6DFAC421B6BFC400CAA32A /* CreateEventDriver+CoreDataClass.swift in Sources */,
				CE6DFACE21B6BFC400CAA32A /* CreateEventNote+CoreDataProperties.swift in Sources */,
				CE6DFAC021B6BFC400CAA32A /* CreateEventLocation+CoreDataClass.swift in Sources */,
				CE6DFAC621B6BFC400CAA32A /* LoginResponse+CoreDataProperties.swift in Sources */,
				CE6DFACB21B6BFC400CAA32A /* CreateEventCallData+CoreDataProperties.swift in Sources */,
				CE6DFB2B21B6C36F00CAA32A /* Constant1.swift in Sources */,
				CE6DFAC321B6BFC400CAA32A /* CreateEventUnitUnitRental+CoreDataClass.swift in Sources */,
				CE6DFAB921B6BFC400CAA32A /* CreateEventUnit+CoreDataProperties.swift in Sources */,
				CE6DFABB21B6BFC400CAA32A /* BarcodeEntry+CoreDataClass.swift in Sources */,
				CE6DFAF921B6C17F00CAA32A /* UITextField+fixCaretPosition.swift in Sources */,
				CE6DFAFD21B6C1B800CAA32A /* ENMasterViewController.swift in Sources */,
				CE6DFAEE21B6C12C00CAA32A /* GetCompletedEventListHelper.swift in Sources */,
				CE6DFB1421B6C2CE00CAA32A /* ExpandableCell.swift in Sources */,
				CE6DFAE121B6C0D800CAA32A /* Constants.swift in Sources */,
				CE6DFB0D21B6C23400CAA32A /* ENServiceRequestTableCell.swift in Sources */,
				CE6DFAC721B6BFC400CAA32A /* BarcodeEntry+CoreDataProperties.swift in Sources */,
				CE6DFABC21B6BFC400CAA32A /* CreateEventAddressInfo+CoreDataProperties.swift in Sources */,
				CE6DFB3621B6C43800CAA32A /* ViewController.swift in Sources */,
				CE6DFAF821B6C17F00CAA32A /* SkyFloatingLabelTextField.swift in Sources */,
				CE6DFB3521B6C43800CAA32A /* ENBarcodeScannerViewController.swift in Sources */,
				CE6DFABE21B6BFC400CAA32A /* CreateEventLocation+CoreDataProperties.swift in Sources */,
				CE6DFAF021B6C12C00CAA32A /* UserResponseToEventHelper.swift in Sources */,
				CE6DFB2221B6C33000CAA32A /* ENEventHeaderViewGoogleMap.swift in Sources */,
				CE6DFB2C21B6C36F00CAA32A /* Helper.swift in Sources */,
				CE6DFAC521B6BFC400CAA32A /* CreateEventContact+CoreDataProperties.swift in Sources */,
				CE6DFAE521B6C0D800CAA32A /* Date+Utility.swift in Sources */,
				CE6DFB0321B6C1F100CAA32A /* ENHamBurgerViewController.swift in Sources */,
				CE86FA2C21B6E2CA00D4BF72 /* LoginModalClass.swift in Sources */,
				CE6DFB3F21B6C49100CAA32A /* TitleAndTextFieldview.swift in Sources */,
				CE96469621B6A95300F14066 /* EnterpriseApp.xcdatamodeld in Sources */,
				CE6DFACA21B6BFC400CAA32A /* CreateEventNote+CoreDataClass.swift in Sources */,
				CE6DFB0B21B6C23400CAA32A /* ENFetchServicesClass.swift in Sources */,
				CE6DFB3C21B6C47200CAA32A /* Utility.swift in Sources */,
				CE6DFB0221B6C1F100CAA32A /* ENMenuTableViewCell.swift in Sources */,
				CE6DFB3821B6C43800CAA32A /* CameraView.swift in Sources */,
				CE6DFAC221B6BFC400CAA32A /* CreateEventUnitUnitRental+CoreDataProperties.swift in Sources */,
				CE6DFB0421B6C1F100CAA32A /* ENMenuViewController.swift in Sources */,
				CE6DFABA21B6BFC400CAA32A /* CreateEventCustDataInfo+CoreDataClass.swift in Sources */,
				CE6DFAC821B6BFC400CAA32A /* CreateEventContact+CoreDataClass.swift in Sources */,
			);
			runOnlyForDeploymentPostprocessing = 0;
		};
		CE96469D21B6A95500F14066 /* Sources */ = {
			isa = PBXSourcesBuildPhase;
			buildActionMask = 2147483647;
			files = (
				CE9646A621B6A95500F14066 /* EnterpriseAppTests.swift in Sources */,
			);
			runOnlyForDeploymentPostprocessing = 0;
		};
		CE9646A821B6A95600F14066 /* Sources */ = {
			isa = PBXSourcesBuildPhase;
			buildActionMask = 2147483647;
			files = (
				CE9646B121B6A95600F14066 /* EnterpriseAppUITests.swift in Sources */,
			);
			runOnlyForDeploymentPostprocessing = 0;
		};
/* End PBXSourcesBuildPhase section */

/* Begin PBXTargetDependency section */
		CE9646A321B6A95500F14066 /* PBXTargetDependency */ = {
			isa = PBXTargetDependency;
			target = CE96468921B6A95300F14066 /* EnterpriseApp */;
			targetProxy = CE9646A221B6A95500F14066 /* PBXContainerItemProxy */;
		};
		CE9646AE21B6A95600F14066 /* PBXTargetDependency */ = {
			isa = PBXTargetDependency;
			target = CE96468921B6A95300F14066 /* EnterpriseApp */;
			targetProxy = CE9646AD21B6A95600F14066 /* PBXContainerItemProxy */;
		};
/* End PBXTargetDependency section */

/* Begin PBXVariantGroup section */
		CE95F86221B6D30400FBAA62 /* Main.storyboard */ = {
			isa = PBXVariantGroup;
			children = (
				CE95F86321B6D30400FBAA62 /* Base */,
			);
			name = Main.storyboard;
			sourceTree = "<group>";
		};
		CE96469921B6A95500F14066 /* LaunchScreen.storyboard */ = {
			isa = PBXVariantGroup;
			children = (
				CE96469A21B6A95500F14066 /* Base */,
			);
			name = LaunchScreen.storyboard;
			sourceTree = "<group>";
		};
/* End PBXVariantGroup section */

/* Begin XCBuildConfiguration section */
		CE9646B321B6A95600F14066 /* Debug */ = {
			isa = XCBuildConfiguration;
			buildSettings = {
				ALWAYS_SEARCH_USER_PATHS = NO;
				CLANG_ANALYZER_NONNULL = YES;
				CLANG_ANALYZER_NUMBER_OBJECT_CONVERSION = YES_AGGRESSIVE;
				CLANG_CXX_LANGUAGE_STANDARD = "gnu++14";
				CLANG_CXX_LIBRARY = "libc++";
				CLANG_ENABLE_MODULES = YES;
				CLANG_ENABLE_OBJC_ARC = YES;
				CLANG_ENABLE_OBJC_WEAK = YES;
				CLANG_WARN_BLOCK_CAPTURE_AUTORELEASING = YES;
				CLANG_WARN_BOOL_CONVERSION = YES;
				CLANG_WARN_COMMA = YES;
				CLANG_WARN_CONSTANT_CONVERSION = YES;
				CLANG_WARN_DEPRECATED_OBJC_IMPLEMENTATIONS = YES;
				CLANG_WARN_DIRECT_OBJC_ISA_USAGE = YES_ERROR;
				CLANG_WARN_DOCUMENTATION_COMMENTS = YES;
				CLANG_WARN_EMPTY_BODY = YES;
				CLANG_WARN_ENUM_CONVERSION = YES;
				CLANG_WARN_INFINITE_RECURSION = YES;
				CLANG_WARN_INT_CONVERSION = YES;
				CLANG_WARN_NON_LITERAL_NULL_CONVERSION = YES;
				CLANG_WARN_OBJC_IMPLICIT_RETAIN_SELF = YES;
				CLANG_WARN_OBJC_LITERAL_CONVERSION = YES;
				CLANG_WARN_OBJC_ROOT_CLASS = YES_ERROR;
				CLANG_WARN_RANGE_LOOP_ANALYSIS = YES;
				CLANG_WARN_STRICT_PROTOTYPES = YES;
				CLANG_WARN_SUSPICIOUS_MOVE = YES;
				CLANG_WARN_UNGUARDED_AVAILABILITY = YES_AGGRESSIVE;
				CLANG_WARN_UNREACHABLE_CODE = YES;
				CLANG_WARN__DUPLICATE_METHOD_MATCH = YES;
				CODE_SIGN_IDENTITY = "iPhone Developer";
				COPY_PHASE_STRIP = NO;
				DEBUG_INFORMATION_FORMAT = dwarf;
				ENABLE_STRICT_OBJC_MSGSEND = YES;
				ENABLE_TESTABILITY = YES;
				GCC_C_LANGUAGE_STANDARD = gnu11;
				GCC_DYNAMIC_NO_PIC = NO;
				GCC_NO_COMMON_BLOCKS = YES;
				GCC_OPTIMIZATION_LEVEL = 0;
				GCC_PREPROCESSOR_DEFINITIONS = (
					"DEBUG=1",
					"$(inherited)",
				);
				GCC_WARN_64_TO_32_BIT_CONVERSION = YES;
				GCC_WARN_ABOUT_RETURN_TYPE = YES_ERROR;
				GCC_WARN_UNDECLARED_SELECTOR = YES;
				GCC_WARN_UNINITIALIZED_AUTOS = YES_AGGRESSIVE;
				GCC_WARN_UNUSED_FUNCTION = YES;
				GCC_WARN_UNUSED_VARIABLE = YES;
				IPHONEOS_DEPLOYMENT_TARGET = 12.0;
				MTL_ENABLE_DEBUG_INFO = INCLUDE_SOURCE;
				MTL_FAST_MATH = YES;
				ONLY_ACTIVE_ARCH = YES;
				SDKROOT = iphoneos;
				SWIFT_ACTIVE_COMPILATION_CONDITIONS = DEBUG;
				SWIFT_OPTIMIZATION_LEVEL = "-Onone";
			};
			name = Debug;
		};
		CE9646B421B6A95600F14066 /* Release */ = {
			isa = XCBuildConfiguration;
			buildSettings = {
				ALWAYS_SEARCH_USER_PATHS = NO;
				CLANG_ANALYZER_NONNULL = YES;
				CLANG_ANALYZER_NUMBER_OBJECT_CONVERSION = YES_AGGRESSIVE;
				CLANG_CXX_LANGUAGE_STANDARD = "gnu++14";
				CLANG_CXX_LIBRARY = "libc++";
				CLANG_ENABLE_MODULES = YES;
				CLANG_ENABLE_OBJC_ARC = YES;
				CLANG_ENABLE_OBJC_WEAK = YES;
				CLANG_WARN_BLOCK_CAPTURE_AUTORELEASING = YES;
				CLANG_WARN_BOOL_CONVERSION = YES;
				CLANG_WARN_COMMA = YES;
				CLANG_WARN_CONSTANT_CONVERSION = YES;
				CLANG_WARN_DEPRECATED_OBJC_IMPLEMENTATIONS = YES;
				CLANG_WARN_DIRECT_OBJC_ISA_USAGE = YES_ERROR;
				CLANG_WARN_DOCUMENTATION_COMMENTS = YES;
				CLANG_WARN_EMPTY_BODY = YES;
				CLANG_WARN_ENUM_CONVERSION = YES;
				CLANG_WARN_INFINITE_RECURSION = YES;
				CLANG_WARN_INT_CONVERSION = YES;
				CLANG_WARN_NON_LITERAL_NULL_CONVERSION = YES;
				CLANG_WARN_OBJC_IMPLICIT_RETAIN_SELF = YES;
				CLANG_WARN_OBJC_LITERAL_CONVERSION = YES;
				CLANG_WARN_OBJC_ROOT_CLASS = YES_ERROR;
				CLANG_WARN_RANGE_LOOP_ANALYSIS = YES;
				CLANG_WARN_STRICT_PROTOTYPES = YES;
				CLANG_WARN_SUSPICIOUS_MOVE = YES;
				CLANG_WARN_UNGUARDED_AVAILABILITY = YES_AGGRESSIVE;
				CLANG_WARN_UNREACHABLE_CODE = YES;
				CLANG_WARN__DUPLICATE_METHOD_MATCH = YES;
				CODE_SIGN_IDENTITY = "iPhone Developer";
				COPY_PHASE_STRIP = NO;
				DEBUG_INFORMATION_FORMAT = "dwarf-with-dsym";
				ENABLE_NS_ASSERTIONS = NO;
				ENABLE_STRICT_OBJC_MSGSEND = YES;
				GCC_C_LANGUAGE_STANDARD = gnu11;
				GCC_NO_COMMON_BLOCKS = YES;
				GCC_WARN_64_TO_32_BIT_CONVERSION = YES;
				GCC_WARN_ABOUT_RETURN_TYPE = YES_ERROR;
				GCC_WARN_UNDECLARED_SELECTOR = YES;
				GCC_WARN_UNINITIALIZED_AUTOS = YES_AGGRESSIVE;
				GCC_WARN_UNUSED_FUNCTION = YES;
				GCC_WARN_UNUSED_VARIABLE = YES;
				IPHONEOS_DEPLOYMENT_TARGET = 12.0;
				MTL_ENABLE_DEBUG_INFO = NO;
				MTL_FAST_MATH = YES;
				SDKROOT = iphoneos;
				SWIFT_COMPILATION_MODE = wholemodule;
				SWIFT_OPTIMIZATION_LEVEL = "-O";
				VALIDATE_PRODUCT = YES;
			};
			name = Release;
		};
		CE9646B621B6A95600F14066 /* Debug */ = {
			isa = XCBuildConfiguration;
			baseConfigurationReference = A1023D9BD4311F9FA3923DA4 /* Pods-EnterpriseApp.debug.xcconfig */;
			buildSettings = {
				ASSETCATALOG_COMPILER_APPICON_NAME = AppIcon;
				CODE_SIGN_STYLE = Automatic;
				INFOPLIST_FILE = EnterpriseApp/Info.plist;
				LD_RUNPATH_SEARCH_PATHS = (
					"$(inherited)",
					"@executable_path/Frameworks",
				);
				PRODUCT_BUNDLE_IDENTIFIER = com.fleetnet.enterprise;
				PRODUCT_NAME = "$(TARGET_NAME)";
				SWIFT_VERSION = 4.2;
				TARGETED_DEVICE_FAMILY = "1,2";
			};
			name = Debug;
		};
		CE9646B721B6A95600F14066 /* Release */ = {
			isa = XCBuildConfiguration;
			baseConfigurationReference = 30E85C71BBDBE98CE4219408 /* Pods-EnterpriseApp.release.xcconfig */;
			buildSettings = {
				ASSETCATALOG_COMPILER_APPICON_NAME = AppIcon;
				CODE_SIGN_STYLE = Automatic;
				INFOPLIST_FILE = EnterpriseApp/Info.plist;
				LD_RUNPATH_SEARCH_PATHS = (
					"$(inherited)",
					"@executable_path/Frameworks",
				);
				PRODUCT_BUNDLE_IDENTIFIER = com.fleetnet.enterprise;
				PRODUCT_NAME = "$(TARGET_NAME)";
				SWIFT_VERSION = 4.2;
				TARGETED_DEVICE_FAMILY = "1,2";
			};
			name = Release;
		};
		CE9646B921B6A95600F14066 /* Debug */ = {
			isa = XCBuildConfiguration;
			baseConfigurationReference = 22FB5CF77B6ED4EC551C0A56 /* Pods-EnterpriseAppTests.debug.xcconfig */;
			buildSettings = {
				ALWAYS_EMBED_SWIFT_STANDARD_LIBRARIES = YES;
				BUNDLE_LOADER = "$(TEST_HOST)";
				CODE_SIGN_STYLE = Automatic;
				INFOPLIST_FILE = EnterpriseAppTests/Info.plist;
				LD_RUNPATH_SEARCH_PATHS = (
					"$(inherited)",
					"@executable_path/Frameworks",
					"@loader_path/Frameworks",
				);
				PRODUCT_BUNDLE_IDENTIFIER = com.fleetnet.EnterpriseAppTests;
				PRODUCT_NAME = "$(TARGET_NAME)";
				SWIFT_VERSION = 4.2;
				TARGETED_DEVICE_FAMILY = "1,2";
				TEST_HOST = "$(BUILT_PRODUCTS_DIR)/EnterpriseApp.app/EnterpriseApp";
			};
			name = Debug;
		};
		CE9646BA21B6A95600F14066 /* Release */ = {
			isa = XCBuildConfiguration;
			baseConfigurationReference = F152DE72C816841EDF0BB191 /* Pods-EnterpriseAppTests.release.xcconfig */;
			buildSettings = {
				ALWAYS_EMBED_SWIFT_STANDARD_LIBRARIES = YES;
				BUNDLE_LOADER = "$(TEST_HOST)";
				CODE_SIGN_STYLE = Automatic;
				INFOPLIST_FILE = EnterpriseAppTests/Info.plist;
				LD_RUNPATH_SEARCH_PATHS = (
					"$(inherited)",
					"@executable_path/Frameworks",
					"@loader_path/Frameworks",
				);
				PRODUCT_BUNDLE_IDENTIFIER = com.fleetnet.EnterpriseAppTests;
				PRODUCT_NAME = "$(TARGET_NAME)";
				SWIFT_VERSION = 4.2;
				TARGETED_DEVICE_FAMILY = "1,2";
				TEST_HOST = "$(BUILT_PRODUCTS_DIR)/EnterpriseApp.app/EnterpriseApp";
			};
			name = Release;
		};
		CE9646BC21B6A95600F14066 /* Debug */ = {
			isa = XCBuildConfiguration;
			baseConfigurationReference = AF58E9426543BCFDC3E99D14 /* Pods-EnterpriseAppUITests.debug.xcconfig */;
			buildSettings = {
				ALWAYS_EMBED_SWIFT_STANDARD_LIBRARIES = YES;
				CODE_SIGN_STYLE = Automatic;
				INFOPLIST_FILE = EnterpriseAppUITests/Info.plist;
				LD_RUNPATH_SEARCH_PATHS = (
					"$(inherited)",
					"@executable_path/Frameworks",
					"@loader_path/Frameworks",
				);
				PRODUCT_BUNDLE_IDENTIFIER = com.fleetnet.EnterpriseAppUITests;
				PRODUCT_NAME = "$(TARGET_NAME)";
				SWIFT_VERSION = 4.2;
				TARGETED_DEVICE_FAMILY = "1,2";
				TEST_TARGET_NAME = EnterpriseApp;
			};
			name = Debug;
		};
		CE9646BD21B6A95600F14066 /* Release */ = {
			isa = XCBuildConfiguration;
			baseConfigurationReference = 6C2894A701C5E756F84FB578 /* Pods-EnterpriseAppUITests.release.xcconfig */;
			buildSettings = {
				ALWAYS_EMBED_SWIFT_STANDARD_LIBRARIES = YES;
				CODE_SIGN_STYLE = Automatic;
				INFOPLIST_FILE = EnterpriseAppUITests/Info.plist;
				LD_RUNPATH_SEARCH_PATHS = (
					"$(inherited)",
					"@executable_path/Frameworks",
					"@loader_path/Frameworks",
				);
				PRODUCT_BUNDLE_IDENTIFIER = com.fleetnet.EnterpriseAppUITests;
				PRODUCT_NAME = "$(TARGET_NAME)";
				SWIFT_VERSION = 4.2;
				TARGETED_DEVICE_FAMILY = "1,2";
				TEST_TARGET_NAME = EnterpriseApp;
			};
			name = Release;
		};
/* End XCBuildConfiguration section */

/* Begin XCConfigurationList section */
		CE96468521B6A95300F14066 /* Build configuration list for PBXProject "EnterpriseApp" */ = {
			isa = XCConfigurationList;
			buildConfigurations = (
				CE9646B321B6A95600F14066 /* Debug */,
				CE9646B421B6A95600F14066 /* Release */,
			);
			defaultConfigurationIsVisible = 0;
			defaultConfigurationName = Release;
		};
		CE9646B521B6A95600F14066 /* Build configuration list for PBXNativeTarget "EnterpriseApp" */ = {
			isa = XCConfigurationList;
			buildConfigurations = (
				CE9646B621B6A95600F14066 /* Debug */,
				CE9646B721B6A95600F14066 /* Release */,
			);
			defaultConfigurationIsVisible = 0;
			defaultConfigurationName = Release;
		};
		CE9646B821B6A95600F14066 /* Build configuration list for PBXNativeTarget "EnterpriseAppTests" */ = {
			isa = XCConfigurationList;
			buildConfigurations = (
				CE9646B921B6A95600F14066 /* Debug */,
				CE9646BA21B6A95600F14066 /* Release */,
			);
			defaultConfigurationIsVisible = 0;
			defaultConfigurationName = Release;
		};
		CE9646BB21B6A95600F14066 /* Build configuration list for PBXNativeTarget "EnterpriseAppUITests" */ = {
			isa = XCConfigurationList;
			buildConfigurations = (
				CE9646BC21B6A95600F14066 /* Debug */,
				CE9646BD21B6A95600F14066 /* Release */,
			);
			defaultConfigurationIsVisible = 0;
			defaultConfigurationName = Release;
		};
/* End XCConfigurationList section */

/* Begin XCVersionGroup section */
		CE96469421B6A95300F14066 /* EnterpriseApp.xcdatamodeld */ = {
			isa = XCVersionGroup;
			children = (
				CE96469521B6A95300F14066 /* EnterpriseApp.xcdatamodel */,
			);
			currentVersion = CE96469521B6A95300F14066 /* EnterpriseApp.xcdatamodel */;
			path = EnterpriseApp.xcdatamodeld;
			sourceTree = "<group>";
			versionGroupType = wrapper.xcdatamodel;
		};
/* End XCVersionGroup section */
	};
	rootObject = CE96468221B6A95300F14066 /* Project object */;
}
