PODS:
  - Cosmos (17.0.0)
  - GoogleMaps (2.7.0):
    - GoogleMaps/Maps (= 2.7.0)
  - GoogleMaps/Base (2.7.0)
  - GoogleMaps/Maps (2.7.0):
    - GoogleMaps/Base
  - GooglePlaces (2.7.0):
    - GoogleMaps/Base (= 2.7.0)
  - IQKeyboardManagerSwift (6.2.0)
  - MagicalRecord (2.3.2):
    - MagicalRecord/Core (= 2.3.2)
  - MagicalRecord/Core (2.3.2)
  - SkyFloatingLabelTextField (3.6.0)
  - SVProgressHUD (2.2.5)
  - TPKeyboardAvoidingSwift (3.1)

DEPENDENCIES:
  - Cosmos
  - GoogleMaps
  - GooglePlaces
  - IQKeyboardManagerSwift
  - MagicalRecord
  - SkyFloatingLabelTextField
  - SVProgressHUD
  - TPKeyboardAvoidingSwift

SPEC REPOS:
  https://github.com/cocoapods/specs.git:
    - Cosmos
    - GoogleMaps
    - GooglePlaces
    - IQKeyboardManagerSwift
    - MagicalRecord
    - SkyFloatingLabelTextField
    - SVProgressHUD
    - TPKeyboardAvoidingSwift

SPEC CHECKSUMS:
  Cosmos: 309e489f21ffc91a1eeecfebef7f817cd2fcfba6
  GoogleMaps: f79af95cb24d869457b1f961c93d3ce8b2f3b848
  GooglePlaces: 3d06e6c99654545b4738ce49648745779c25f2ef
  IQKeyboardManagerSwift: b07ccf9d8cafe993dcd6cb794eb4ba34611a0c4e
  MagicalRecord: 53bed74b4323b930992a725be713e53b37d19755
  SkyFloatingLabelTextField: 38164979b79512f9ff9288ad8acfc4bbf5d843e3
  SVProgressHUD: 1428aafac632c1f86f62aa4243ec12008d7a51d6
  TPKeyboardAvoidingSwift: b518d6e0c325d62ef5bddb712f22852b41cd165c

PODFILE CHECKSUM: 6e6f272eb2ae044f26cf7cd294b6de225a06639c

COCOAPODS: 1.5.3
